// !$*UTF8*$!
{
	archiveVersion = 1;
	classes = {
	};
	objectVersion = 54;
	objects = {

/* Begin PBXBuildFile section */
		6CC985AB27F393630027C795 /* RetryingRequestInterceptor.swift in Sources */ = {isa = PBXBuildFile; fileRef = 6CC985AA27F393630027C795 /* RetryingRequestInterceptor.swift */; };
		851DAC1A262B4A9A0087E1D4 /* RecentSpecies.swift in Sources */ = {isa = PBXBuildFile; fileRef = 851DAC19262B4A9A0087E1D4 /* RecentSpecies.swift */; };
		851DAC1D262B4B0B0087E1D4 /* Date.swift in Sources */ = {isa = PBXBuildFile; fileRef = 851DAC1C262B4B0B0087E1D4 /* Date.swift */; };
		851DAC20262C55FD0087E1D4 /* RecentSpeciesManager.swift in Sources */ = {isa = PBXBuildFile; fileRef = 851DAC1F262C55FD0087E1D4 /* RecentSpeciesManager.swift */; };
		851DAC36262F2FE30087E1D4 /* RecentSpeciesManagerTests.swift in Sources */ = {isa = PBXBuildFile; fileRef = 851DAC35262F2FE30087E1D4 /* RecentSpeciesManagerTests.swift */; };
		851DAC3A262F35B80087E1D4 /* TestHelpers.swift in Sources */ = {isa = PBXBuildFile; fileRef = 851DAC39262F35B80087E1D4 /* TestHelpers.swift */; };
		853415F025CEEE39006DDAC4 /* UploadSessionViewController.swift in Sources */ = {isa = PBXBuildFile; fileRef = 853415EF25CEEE39006DDAC4 /* UploadSessionViewController.swift */; };
		853415F325CEEE40006DDAC4 /* UploadSessionViewModel.swift in Sources */ = {isa = PBXBuildFile; fileRef = 853415F225CEEE40006DDAC4 /* UploadSessionViewModel.swift */; };
		853415FA25CF0947006DDAC4 /* UIViewController.swift in Sources */ = {isa = PBXBuildFile; fileRef = 853415F925CF0947006DDAC4 /* UIViewController.swift */; };
		853415FD25CF0957006DDAC4 /* UIEdgeInsets.swift in Sources */ = {isa = PBXBuildFile; fileRef = 853415FC25CF0957006DDAC4 /* UIEdgeInsets.swift */; };
		8534160025CF09CE006DDAC4 /* PHPhotoLibrary.swift in Sources */ = {isa = PBXBuildFile; fileRef = 853415FF25CF09CE006DDAC4 /* PHPhotoLibrary.swift */; };
		853ABD562596144900144B0D /* AppDelegate.swift in Sources */ = {isa = PBXBuildFile; fileRef = 853ABD552596144900144B0D /* AppDelegate.swift */; };
		853ABD5F2596144A00144B0D /* Assets.xcassets in Resources */ = {isa = PBXBuildFile; fileRef = 853ABD5E2596144A00144B0D /* Assets.xcassets */; };
		853ABD622596144A00144B0D /* LaunchScreen.storyboard in Resources */ = {isa = PBXBuildFile; fileRef = 853ABD602596144A00144B0D /* LaunchScreen.storyboard */; };
		853ABD7325961B4800144B0D /* IDETemplateMacros.plist in Resources */ = {isa = PBXBuildFile; fileRef = 853ABD7225961B4800144B0D /* IDETemplateMacros.plist */; };
		853ABD7A25961C6500144B0D /* License.md in Resources */ = {isa = PBXBuildFile; fileRef = 853ABD7925961C6500144B0D /* License.md */; };
		853ABD8925961F9700144B0D /* Constants.swift in Sources */ = {isa = PBXBuildFile; fileRef = 853ABD8825961F9700144B0D /* Constants.swift */; };
		8563C263260BBC7A00752793 /* Secrets.swift in Sources */ = {isa = PBXBuildFile; fileRef = 8563C262260BBC7A00752793 /* Secrets.swift */; };
		857123D02639C3AF008EE027 /* ClosureCancellable.swift in Sources */ = {isa = PBXBuildFile; fileRef = 857123CF2639C3AF008EE027 /* ClosureCancellable.swift */; };
		85763A9425E29CE300CB4ED3 /* Logger.swift in Sources */ = {isa = PBXBuildFile; fileRef = 85763A9325E29CE300CB4ED3 /* Logger.swift */; };
		85763A9D25E2B0AB00CB4ED3 /* RotatingUIImagePickerController.swift in Sources */ = {isa = PBXBuildFile; fileRef = 85763A9C25E2B0AB00CB4ED3 /* RotatingUIImagePickerController.swift */; };
		85792A7625B0A35A00BFDA96 /* UIImage.swift in Sources */ = {isa = PBXBuildFile; fileRef = 85792A7525B0A35A00BFDA96 /* UIImage.swift */; };
		85792A7A25B0A36B00BFDA96 /* URL.swift in Sources */ = {isa = PBXBuildFile; fileRef = 85792A7925B0A36B00BFDA96 /* URL.swift */; };
		85792A7D25B0A3E100BFDA96 /* Database.swift in Sources */ = {isa = PBXBuildFile; fileRef = 85792A7C25B0A3E100BFDA96 /* Database.swift */; };
		85792A8625B1D53700BFDA96 /* Environment.swift in Sources */ = {isa = PBXBuildFile; fileRef = 85792A8525B1D53700BFDA96 /* Environment.swift */; };
		85792A8F25B1D59F00BFDA96 /* SyncProgress.swift in Sources */ = {isa = PBXBuildFile; fileRef = 85792A8E25B1D59F00BFDA96 /* SyncProgress.swift */; };
		85792A9225B1D5A500BFDA96 /* ButtonModel.swift in Sources */ = {isa = PBXBuildFile; fileRef = 85792A9125B1D5A500BFDA96 /* ButtonModel.swift */; };
		857BAD9D25B1DCDE005D7D35 /* Defaults.swift in Sources */ = {isa = PBXBuildFile; fileRef = 857BAD9C25B1DCDE005D7D35 /* Defaults.swift */; };
		857BADA425B1FA87005D7D35 /* AddLocalTreeViewModel.swift in Sources */ = {isa = PBXBuildFile; fileRef = 857BADA325B1FA87005D7D35 /* AddLocalTreeViewModel.swift */; };
		857BADA825B1FA93005D7D35 /* TreeDetailsViewController.swift in Sources */ = {isa = PBXBuildFile; fileRef = 857BADA725B1FA93005D7D35 /* TreeDetailsViewController.swift */; };
		857BADAC25B1FAAA005D7D35 /* UploadListFlowViewController.swift in Sources */ = {isa = PBXBuildFile; fileRef = 857BADAB25B1FAAA005D7D35 /* UploadListFlowViewController.swift */; };
		858A0F2725D8156100E12C2B /* TreeDetailsFlowViewController.swift in Sources */ = {isa = PBXBuildFile; fileRef = 858A0F2625D8156100E12C2B /* TreeDetailsFlowViewController.swift */; };
		859F62D625C22140005E61F7 /* Species.swift in Sources */ = {isa = PBXBuildFile; fileRef = 859F62D525C22140005E61F7 /* Species.swift */; };
		859F62D925C2215D005E61F7 /* Site.swift in Sources */ = {isa = PBXBuildFile; fileRef = 859F62D825C2215D005E61F7 /* Site.swift */; };
		859F62DC25C2218B005E61F7 /* Supervisor.swift in Sources */ = {isa = PBXBuildFile; fileRef = 859F62DB25C2218B005E61F7 /* Supervisor.swift */; };
		859F62E025C228AE005E61F7 /* KeyedContainer.swift in Sources */ = {isa = PBXBuildFile; fileRef = 859F62DF25C228AE005E61F7 /* KeyedContainer.swift */; };
		859F62E425C22D6C005E61F7 /* SelectionsKeyboardView.swift in Sources */ = {isa = PBXBuildFile; fileRef = 859F62E325C22D6C005E61F7 /* SelectionsKeyboardView.swift */; };
		859F62E925C48FA2005E61F7 /* DelayedPublished.swift in Sources */ = {isa = PBXBuildFile; fileRef = 859F62E825C48FA2005E61F7 /* DelayedPublished.swift */; };
		859F62EF25C48FD8005E61F7 /* AlertModel.swift in Sources */ = {isa = PBXBuildFile; fileRef = 859F62EE25C48FD8005E61F7 /* AlertModel.swift */; };
		859F62F225C5A7B8005E61F7 /* Cancellable.swift in Sources */ = {isa = PBXBuildFile; fileRef = 859F62F125C5A7B8005E61F7 /* Cancellable.swift */; };
		859F62FC25C70F29005E61F7 /* CollectionViewController.swift in Sources */ = {isa = PBXBuildFile; fileRef = 859F62FB25C70F29005E61F7 /* CollectionViewController.swift */; };
		85A0EF7F25A226D9003CE744 /* GRDB in Frameworks */ = {isa = PBXBuildFile; productRef = 85A0EF7E25A226D9003CE744 /* GRDB */; };
		85A0EF8325A2271C003CE744 /* Alamofire in Frameworks */ = {isa = PBXBuildFile; productRef = 85A0EF8225A2271C003CE744 /* Alamofire */; };
		85B839A925B35B540008E167 /* TableViewDataSource.swift in Sources */ = {isa = PBXBuildFile; fileRef = 85B839A825B35B540008E167 /* TableViewDataSource.swift */; };
		85B839AD25B47BD30008E167 /* Reusable.swift in Sources */ = {isa = PBXBuildFile; fileRef = 85B839AC25B47BD30008E167 /* Reusable.swift */; };
		85B839B125B47C0A0008E167 /* Action.swift in Sources */ = {isa = PBXBuildFile; fileRef = 85B839B025B47C0A0008E167 /* Action.swift */; };
		85B839B525B47C230008E167 /* CollectionListItem.swift in Sources */ = {isa = PBXBuildFile; fileRef = 85B839B425B47C230008E167 /* CollectionListItem.swift */; };
		85B839B825B47C3F0008E167 /* TreeCollectionViewCell.swift in Sources */ = {isa = PBXBuildFile; fileRef = 85B839B725B47C3F0008E167 /* TreeCollectionViewCell.swift */; };
		85B839BB25B4814F0008E167 /* ListSection.swift in Sources */ = {isa = PBXBuildFile; fileRef = 85B839BA25B4814F0008E167 /* ListSection.swift */; };
		85B839BF25B492550008E167 /* PHImageLoader.swift in Sources */ = {isa = PBXBuildFile; fileRef = 85B839BE25B492550008E167 /* PHImageLoader.swift */; };
		85B839C325B4A5280008E167 /* BarButtonItem.swift in Sources */ = {isa = PBXBuildFile; fileRef = 85B839C225B4A5280008E167 /* BarButtonItem.swift */; };
		85B839CB25B5F3EC0008E167 /* PHAsset.swift in Sources */ = {isa = PBXBuildFile; fileRef = 85B839CA25B5F3EC0008E167 /* PHAsset.swift */; };
		85B839CE25B5F8F30008E167 /* UIAlertController.swift in Sources */ = {isa = PBXBuildFile; fileRef = 85B839CD25B5F8F30008E167 /* UIAlertController.swift */; };
		85B839D225B742510008E167 /* TextFieldModel.swift in Sources */ = {isa = PBXBuildFile; fileRef = 85B839D125B742510008E167 /* TextFieldModel.swift */; };
		85B839D625B74E960008E167 /* KeyboardAccessoryView.swift in Sources */ = {isa = PBXBuildFile; fileRef = 85B839D525B74E960008E167 /* KeyboardAccessoryView.swift */; };
		85B839D925B74FD20008E167 /* Keyboard.swift in Sources */ = {isa = PBXBuildFile; fileRef = 85B839D825B74FD20008E167 /* Keyboard.swift */; };
		85B839DD25B74FE00008E167 /* KeyboardAccessory.swift in Sources */ = {isa = PBXBuildFile; fileRef = 85B839DC25B74FE00008E167 /* KeyboardAccessory.swift */; };
		85B839E025B74FF50008E167 /* TextField.swift in Sources */ = {isa = PBXBuildFile; fileRef = 85B839DF25B74FF50008E167 /* TextField.swift */; };
		85B839E425B753F10008E167 /* KeyboardLayoutGuide.swift in Sources */ = {isa = PBXBuildFile; fileRef = 85B839E325B753F10008E167 /* KeyboardLayoutGuide.swift */; };
		85B839E725B862B80008E167 /* CollectionViewDataSource.swift in Sources */ = {isa = PBXBuildFile; fileRef = 85B839E625B862B80008E167 /* CollectionViewDataSource.swift */; };
		85B839EC25B8661E0008E167 /* Collection.swift in Sources */ = {isa = PBXBuildFile; fileRef = 85B839EB25B8661E0008E167 /* Collection.swift */; };
		85B839EF25B866370008E167 /* GridCollectionViewLayout.swift in Sources */ = {isa = PBXBuildFile; fileRef = 85B839EE25B866370008E167 /* GridCollectionViewLayout.swift */; };
		85B839F325B866590008E167 /* RoundedTappableButton.swift in Sources */ = {isa = PBXBuildFile; fileRef = 85B839F225B866590008E167 /* RoundedTappableButton.swift */; };
		85B839F825B86F0A0008E167 /* PHAssetManager.swift in Sources */ = {isa = PBXBuildFile; fileRef = 85B839F725B86F0A0008E167 /* PHAssetManager.swift */; };
		85B839FB25B86F1A0008E167 /* ImageLoader.swift in Sources */ = {isa = PBXBuildFile; fileRef = 85B839FA25B86F1A0008E167 /* ImageLoader.swift */; };
		85B83A0225B8735F0008E167 /* AnyImageLoader.swift in Sources */ = {isa = PBXBuildFile; fileRef = 85B83A0125B8735F0008E167 /* AnyImageLoader.swift */; };
		85B83A0D25B87C0D0008E167 /* BSImagePicker in Frameworks */ = {isa = PBXBuildFile; productRef = 85B83A0C25B87C0D0008E167 /* BSImagePicker */; };
		85B83A1525B87E780008E167 /* UploadViewModel.swift in Sources */ = {isa = PBXBuildFile; fileRef = 85B83A1425B87E780008E167 /* UploadViewModel.swift */; };
		85B83A1825B881EC0008E167 /* LocalTree.swift in Sources */ = {isa = PBXBuildFile; fileRef = 85B83A1725B881EC0008E167 /* LocalTree.swift */; };
		85B83A1C25B8AC650008E167 /* EditLocalTreeViewModel.swift in Sources */ = {isa = PBXBuildFile; fileRef = 85B83A1B25B8AC650008E167 /* EditLocalTreeViewModel.swift */; };
		85B83A2325B9C1BC0008E167 /* NavigationViewController.swift in Sources */ = {isa = PBXBuildFile; fileRef = 85B83A2225B9C1BC0008E167 /* NavigationViewController.swift */; };
		85B83A2625B9C1D50008E167 /* MainFlowViewController.swift in Sources */ = {isa = PBXBuildFile; fileRef = 85B83A2525B9C1D50008E167 /* MainFlowViewController.swift */; };
		85B83A2A25B9C5CB0008E167 /* JSONDecoder.swift in Sources */ = {isa = PBXBuildFile; fileRef = 85B83A2925B9C5CB0008E167 /* JSONDecoder.swift */; };
		85B83A2D25B9C5DB0008E167 /* DateFormatter.swift in Sources */ = {isa = PBXBuildFile; fileRef = 85B83A2C25B9C5DB0008E167 /* DateFormatter.swift */; };
		85B83A3025B9C5E90008E167 /* JSONEncoder.swift in Sources */ = {isa = PBXBuildFile; fileRef = 85B83A2F25B9C5E90008E167 /* JSONEncoder.swift */; };
		85B83A3325B9C9DC0008E167 /* String.swift in Sources */ = {isa = PBXBuildFile; fileRef = 85B83A3225B9C9DC0008E167 /* String.swift */; };
		85B83A3825B9D9C40008E167 /* Data.swift in Sources */ = {isa = PBXBuildFile; fileRef = 85B83A3725B9D9C40008E167 /* Data.swift */; };
		85C781A125CC744E0034292D /* ScreenLockManager.swift in Sources */ = {isa = PBXBuildFile; fileRef = 85C781A025CC744E0034292D /* ScreenLockManager.swift */; };
		85CC02E6261B6DD90016E618 /* TableViewController.swift in Sources */ = {isa = PBXBuildFile; fileRef = 85CC02E5261B6DD90016E618 /* TableViewController.swift */; };
		85CC02E9261B6E820016E618 /* TableListItem.swift in Sources */ = {isa = PBXBuildFile; fileRef = 85CC02E8261B6E820016E618 /* TableListItem.swift */; };
		85CC02EC261B6EA90016E618 /* TextTableViewCell.swift in Sources */ = {isa = PBXBuildFile; fileRef = 85CC02EB261B6EA90016E618 /* TextTableViewCell.swift */; };
		85CC0304261CC8FE0016E618 /* LocationManager.swift in Sources */ = {isa = PBXBuildFile; fileRef = 85CC0303261CC8FE0016E618 /* LocationManager.swift */; };
		85DC213C25E0FC8F003F0721 /* ImageCacheInfo.swift in Sources */ = {isa = PBXBuildFile; fileRef = 85DC213B25E0FC8F003F0721 /* ImageCacheInfo.swift */; };
		85DC214025E0FC9F003F0721 /* ImageCaching.swift in Sources */ = {isa = PBXBuildFile; fileRef = 85DC213F25E0FC9F003F0721 /* ImageCaching.swift */; };
		85DC214325E0FCAD003F0721 /* DiskImageCache.swift in Sources */ = {isa = PBXBuildFile; fileRef = 85DC214225E0FCAD003F0721 /* DiskImageCache.swift */; };
		85DC214625E0FCBF003F0721 /* GRDBImageCache.swift in Sources */ = {isa = PBXBuildFile; fileRef = 85DC214525E0FCBF003F0721 /* GRDBImageCache.swift */; };
		85E0E05E25B33F8C009D8FC0 /* TappableButton.swift in Sources */ = {isa = PBXBuildFile; fileRef = 85E0E05D25B33F8C009D8FC0 /* TappableButton.swift */; };
		85E0E06225B35744009D8FC0 /* UIView.swift in Sources */ = {isa = PBXBuildFile; fileRef = 85E0E06125B35744009D8FC0 /* UIView.swift */; };
		9D01D562285CD2E50009F753 /* RollbarCommon in Frameworks */ = {isa = PBXBuildFile; productRef = 9D01D561285CD2E50009F753 /* RollbarCommon */; };
		9D01D564285CD2E50009F753 /* RollbarNotifier in Frameworks */ = {isa = PBXBuildFile; productRef = 9D01D563285CD2E50009F753 /* RollbarNotifier */; };
		9D01D566285CD2E50009F753 /* RollbarSwift in Frameworks */ = {isa = PBXBuildFile; productRef = 9D01D565285CD2E50009F753 /* RollbarSwift */; };
		9D2B454F2944F54000B09C84 /* LocationWarningOverlayView.swift in Sources */ = {isa = PBXBuildFile; fileRef = 9D2B454E2944F54000B09C84 /* LocationWarningOverlayView.swift */; };
		9D2DB5F629606B220040B1DB /* UploadedTree.swift in Sources */ = {isa = PBXBuildFile; fileRef = 9D2DB5F529606B220040B1DB /* UploadedTree.swift */; };
		9D36C7EB2A22950B00E04552 /* AWSS3Configuration.swift in Sources */ = {isa = PBXBuildFile; fileRef = 9D36C7EA2A22950B00E04552 /* AWSS3Configuration.swift */; };
		9D375F912AC8873C009AF2D2 /* AWSCore in Frameworks */ = {isa = PBXBuildFile; productRef = 9D375F902AC8873C009AF2D2 /* AWSCore */; };
		9D375F932AC8873C009AF2D2 /* AWSS3 in Frameworks */ = {isa = PBXBuildFile; productRef = 9D375F922AC8873C009AF2D2 /* AWSS3 */; };
		9D3C323B29F5BDEA00462558 /* UploadCompletionHolder.swift in Sources */ = {isa = PBXBuildFile; fileRef = 9D3C323A29F5BDEA00462558 /* UploadCompletionHolder.swift */; };
		9D47D97F286F293000F7B92F /* ProtectEarthSupervisor.swift in Sources */ = {isa = PBXBuildFile; fileRef = 9D47D97E286F293000F7B92F /* ProtectEarthSupervisor.swift */; };
		9D47D982286F29E100F7B92F /* ProtectEarthCodableTests.swift in Sources */ = {isa = PBXBuildFile; fileRef = 9D47D981286F29E100F7B92F /* ProtectEarthCodableTests.swift */; };
		9D562D6528B81BDE00B66716 /* ProtectEarthUpload.swift in Sources */ = {isa = PBXBuildFile; fileRef = 9D562D6428B81BDE00B66716 /* ProtectEarthUpload.swift */; };
		9D562D6728B81D5400B66716 /* ProtectEarthIdentifier.swift in Sources */ = {isa = PBXBuildFile; fileRef = 9D562D6628B81D5400B66716 /* ProtectEarthIdentifier.swift */; };
		9D5CDBD727BBC080007D4F0A /* ExportOptions.plist in Resources */ = {isa = PBXBuildFile; fileRef = 9D5CDBD627BBC080007D4F0A /* ExportOptions.plist */; };
		9D5D5E28284B630D00F3AD3E /* SpeciesService.swift in Sources */ = {isa = PBXBuildFile; fileRef = 9D5D5E27284B630D00F3AD3E /* SpeciesService.swift */; };
		9D5D5E2C284B66BB00F3AD3E /* SupervisorService.swift in Sources */ = {isa = PBXBuildFile; fileRef = 9D5D5E2B284B66BB00F3AD3E /* SupervisorService.swift */; };
		9D5F0618286F346800C8D4A6 /* ProtectEarthSupervisorService.swift in Sources */ = {isa = PBXBuildFile; fileRef = 9D5F0617286F346800C8D4A6 /* ProtectEarthSupervisorService.swift */; };
		9D5F061B286F348F00C8D4A6 /* ProtectEarthSessionFactory.swift in Sources */ = {isa = PBXBuildFile; fileRef = 9D5F061A286F348F00C8D4A6 /* ProtectEarthSessionFactory.swift */; };
		9D5F061E286F35C700C8D4A6 /* BearerTokenAuthenticationAdapter.swift in Sources */ = {isa = PBXBuildFile; fileRef = 9D5F061D286F35C700C8D4A6 /* BearerTokenAuthenticationAdapter.swift */; };
		9D5F0621286F5FEF00C8D4A6 /* AlamofireSessionFactory.swift in Sources */ = {isa = PBXBuildFile; fileRef = 9D5F0620286F5FEF00C8D4A6 /* AlamofireSessionFactory.swift */; };
		9D5F0624286F755600C8D4A6 /* ProtectEarthSupervisorServiceTests.swift in Sources */ = {isa = PBXBuildFile; fileRef = 9D5F0623286F755600C8D4A6 /* ProtectEarthSupervisorServiceTests.swift */; };
		9D5F062B2874DD0500C8D4A6 /* ProtectEarthSite.swift in Sources */ = {isa = PBXBuildFile; fileRef = 9D5F062A2874DD0400C8D4A6 /* ProtectEarthSite.swift */; };
		9D5F062D2874E35D00C8D4A6 /* ProtectEarthSiteService.swift in Sources */ = {isa = PBXBuildFile; fileRef = 9D5F062C2874E35D00C8D4A6 /* ProtectEarthSiteService.swift */; };
		9D5F062F2874E5CA00C8D4A6 /* ProtectEarthSiteServiceTests.swift in Sources */ = {isa = PBXBuildFile; fileRef = 9D5F062E2874E5CA00C8D4A6 /* ProtectEarthSiteServiceTests.swift */; };
		9D5F06332878ADF000C8D4A6 /* DataResponse.swift in Sources */ = {isa = PBXBuildFile; fileRef = 9D5F06322878ADF000C8D4A6 /* DataResponse.swift */; };
		9D79A5A7283AE03100F0F96C /* SiteService.swift in Sources */ = {isa = PBXBuildFile; fileRef = 9D79A5A6283AE03100F0F96C /* SiteService.swift */; };
		9D79A5AA283AE27500F0F96C /* ProtectEarthError.swift in Sources */ = {isa = PBXBuildFile; fileRef = 9D79A5A9283AE27500F0F96C /* ProtectEarthError.swift */; };
		9DA1FC34283452CC00AEC584 /* AppDelegate+Injection.swift in Sources */ = {isa = PBXBuildFile; fileRef = 9DA1FC33283452CC00AEC584 /* AppDelegate+Injection.swift */; };
		9DA84707287DB9D400B0BB3E /* ProtectEarthSpecies.swift in Sources */ = {isa = PBXBuildFile; fileRef = 9DA84706287DB9D400B0BB3E /* ProtectEarthSpecies.swift */; };
		9DA84709287DBA3F00B0BB3E /* ProtectEarthSpeciesServiceTests.swift in Sources */ = {isa = PBXBuildFile; fileRef = 9DA84708287DBA3F00B0BB3E /* ProtectEarthSpeciesServiceTests.swift */; };
		9DA8470B287DBBC300B0BB3E /* ProtectEarthSpeciesService.swift in Sources */ = {isa = PBXBuildFile; fileRef = 9DA8470A287DBBC300B0BB3E /* ProtectEarthSpeciesService.swift */; };
		9DA8470D28844E5100B0BB3E /* ProtectEarthTreeService.swift in Sources */ = {isa = PBXBuildFile; fileRef = 9DA8470C28844E5000B0BB3E /* ProtectEarthTreeService.swift */; };
		9DA8470F28844E9000B0BB3E /* TreeService.swift in Sources */ = {isa = PBXBuildFile; fileRef = 9DA8470E28844E9000B0BB3E /* TreeService.swift */; };
		9DB29B4E281DE04F00AAC73D /* SettingsNavigationController.swift in Sources */ = {isa = PBXBuildFile; fileRef = 9DB29B4D281DE04F00AAC73D /* SettingsNavigationController.swift */; };
		9DB29B562821C28400AAC73D /* SettingsController.swift in Sources */ = {isa = PBXBuildFile; fileRef = 9DB29B552821C28300AAC73D /* SettingsController.swift */; };
		9DB29B582821D50000AAC73D /* SimpleTableViewCell.swift in Sources */ = {isa = PBXBuildFile; fileRef = 9DB29B572821D50000AAC73D /* SimpleTableViewCell.swift */; };
		9DB29B5A282876B700AAC73D /* SitesController.swift in Sources */ = {isa = PBXBuildFile; fileRef = 9DB29B59282876B700AAC73D /* SitesController.swift */; };
		9DCC548C28073F0A00CF67AA /* Resolver in Frameworks */ = {isa = PBXBuildFile; productRef = 9DCC548B28073F0A00CF67AA /* Resolver */; };
		9DD03B13299952E400537A31 /* PortraitUITabBarController.swift in Sources */ = {isa = PBXBuildFile; fileRef = 9DD03B12299952E400537A31 /* PortraitUITabBarController.swift */; };
		9DFF45C428C69AAD00D45C73 /* CloudinaryUploadResponse.swift in Sources */ = {isa = PBXBuildFile; fileRef = 9DFF45C328C69AAD00D45C73 /* CloudinaryUploadResponse.swift */; };
		9DFF6277282E63100008AEEF /* SupervisorsController.swift in Sources */ = {isa = PBXBuildFile; fileRef = 9DFF6276282E63100008AEEF /* SupervisorsController.swift */; };
		9DFF6279282E64780008AEEF /* SpeciesController.swift in Sources */ = {isa = PBXBuildFile; fileRef = 9DFF6278282E64780008AEEF /* SpeciesController.swift */; };
/* End PBXBuildFile section */

/* Begin PBXContainerItemProxy section */
		851DAC2C262F2FA70087E1D4 /* PBXContainerItemProxy */ = {
			isa = PBXContainerItemProxy;
			containerPortal = 853ABD4A2596144900144B0D /* Project object */;
			proxyType = 1;
			remoteGlobalIDString = 853ABD512596144900144B0D;
			remoteInfo = "Tree Tracker";
		};
/* End PBXContainerItemProxy section */

/* Begin PBXFileReference section */
		6CC985AA27F393630027C795 /* RetryingRequestInterceptor.swift */ = {isa = PBXFileReference; fileEncoding = 4; lastKnownFileType = sourcecode.swift; path = RetryingRequestInterceptor.swift; sourceTree = "<group>"; };
		851DAC19262B4A9A0087E1D4 /* RecentSpecies.swift */ = {isa = PBXFileReference; lastKnownFileType = sourcecode.swift; path = RecentSpecies.swift; sourceTree = "<group>"; };
		851DAC1C262B4B0B0087E1D4 /* Date.swift */ = {isa = PBXFileReference; lastKnownFileType = sourcecode.swift; path = Date.swift; sourceTree = "<group>"; };
		851DAC1F262C55FD0087E1D4 /* RecentSpeciesManager.swift */ = {isa = PBXFileReference; lastKnownFileType = sourcecode.swift; path = RecentSpeciesManager.swift; sourceTree = "<group>"; };
		851DAC27262F2FA70087E1D4 /* Unit Tests.xctest */ = {isa = PBXFileReference; explicitFileType = wrapper.cfbundle; includeInIndex = 0; path = "Unit Tests.xctest"; sourceTree = BUILT_PRODUCTS_DIR; };
		851DAC2B262F2FA70087E1D4 /* Info.plist */ = {isa = PBXFileReference; lastKnownFileType = text.plist.xml; path = Info.plist; sourceTree = "<group>"; };
		851DAC35262F2FE30087E1D4 /* RecentSpeciesManagerTests.swift */ = {isa = PBXFileReference; lastKnownFileType = sourcecode.swift; path = RecentSpeciesManagerTests.swift; sourceTree = "<group>"; };
		851DAC39262F35B80087E1D4 /* TestHelpers.swift */ = {isa = PBXFileReference; lastKnownFileType = sourcecode.swift; path = TestHelpers.swift; sourceTree = "<group>"; };
		853415EF25CEEE39006DDAC4 /* UploadSessionViewController.swift */ = {isa = PBXFileReference; lastKnownFileType = sourcecode.swift; path = UploadSessionViewController.swift; sourceTree = "<group>"; };
		853415F225CEEE40006DDAC4 /* UploadSessionViewModel.swift */ = {isa = PBXFileReference; lastKnownFileType = sourcecode.swift; path = UploadSessionViewModel.swift; sourceTree = "<group>"; };
		853415F925CF0947006DDAC4 /* UIViewController.swift */ = {isa = PBXFileReference; lastKnownFileType = sourcecode.swift; path = UIViewController.swift; sourceTree = "<group>"; };
		853415FC25CF0957006DDAC4 /* UIEdgeInsets.swift */ = {isa = PBXFileReference; lastKnownFileType = sourcecode.swift; path = UIEdgeInsets.swift; sourceTree = "<group>"; };
		853415FF25CF09CE006DDAC4 /* PHPhotoLibrary.swift */ = {isa = PBXFileReference; lastKnownFileType = sourcecode.swift; path = PHPhotoLibrary.swift; sourceTree = "<group>"; };
		853ABD522596144900144B0D /* Tree Tracker.app */ = {isa = PBXFileReference; explicitFileType = wrapper.application; includeInIndex = 0; path = "Tree Tracker.app"; sourceTree = BUILT_PRODUCTS_DIR; };
		853ABD552596144900144B0D /* AppDelegate.swift */ = {isa = PBXFileReference; lastKnownFileType = sourcecode.swift; path = AppDelegate.swift; sourceTree = "<group>"; };
		853ABD5E2596144A00144B0D /* Assets.xcassets */ = {isa = PBXFileReference; lastKnownFileType = folder.assetcatalog; path = Assets.xcassets; sourceTree = "<group>"; };
		853ABD612596144A00144B0D /* Base */ = {isa = PBXFileReference; lastKnownFileType = file.storyboard; name = Base; path = Base.lproj/LaunchScreen.storyboard; sourceTree = "<group>"; };
		853ABD632596144A00144B0D /* Info.plist */ = {isa = PBXFileReference; lastKnownFileType = text.plist.xml; path = Info.plist; sourceTree = "<group>"; };
		853ABD7225961B4800144B0D /* IDETemplateMacros.plist */ = {isa = PBXFileReference; lastKnownFileType = text.plist; name = IDETemplateMacros.plist; path = "Tree Tracker.xcodeproj/xcshareddata/IDETemplateMacros.plist"; sourceTree = SOURCE_ROOT; };
		853ABD7925961C6500144B0D /* License.md */ = {isa = PBXFileReference; fileEncoding = 4; lastKnownFileType = net.daringfireball.markdown; path = License.md; sourceTree = "<group>"; };
		853ABD7C25961C6D00144B0D /* Readme.md */ = {isa = PBXFileReference; lastKnownFileType = net.daringfireball.markdown; path = Readme.md; sourceTree = "<group>"; };
		853ABD8825961F9700144B0D /* Constants.swift */ = {isa = PBXFileReference; lastKnownFileType = sourcecode.swift; path = Constants.swift; sourceTree = "<group>"; };
		8563C262260BBC7A00752793 /* Secrets.swift */ = {isa = PBXFileReference; fileEncoding = 4; lastKnownFileType = sourcecode.swift; path = Secrets.swift; sourceTree = "<group>"; };
		857123CF2639C3AF008EE027 /* ClosureCancellable.swift */ = {isa = PBXFileReference; lastKnownFileType = sourcecode.swift; path = ClosureCancellable.swift; sourceTree = "<group>"; };
		85763A9325E29CE300CB4ED3 /* Logger.swift */ = {isa = PBXFileReference; lastKnownFileType = sourcecode.swift; path = Logger.swift; sourceTree = "<group>"; };
		85763A9C25E2B0AB00CB4ED3 /* RotatingUIImagePickerController.swift */ = {isa = PBXFileReference; lastKnownFileType = sourcecode.swift; path = RotatingUIImagePickerController.swift; sourceTree = "<group>"; };
		85792A7525B0A35A00BFDA96 /* UIImage.swift */ = {isa = PBXFileReference; lastKnownFileType = sourcecode.swift; path = UIImage.swift; sourceTree = "<group>"; };
		85792A7925B0A36B00BFDA96 /* URL.swift */ = {isa = PBXFileReference; lastKnownFileType = sourcecode.swift; path = URL.swift; sourceTree = "<group>"; };
		85792A7C25B0A3E100BFDA96 /* Database.swift */ = {isa = PBXFileReference; lastKnownFileType = sourcecode.swift; path = Database.swift; sourceTree = "<group>"; };
		85792A8525B1D53700BFDA96 /* Environment.swift */ = {isa = PBXFileReference; lastKnownFileType = sourcecode.swift; path = Environment.swift; sourceTree = "<group>"; };
		85792A8E25B1D59F00BFDA96 /* SyncProgress.swift */ = {isa = PBXFileReference; lastKnownFileType = sourcecode.swift; path = SyncProgress.swift; sourceTree = "<group>"; };
		85792A9125B1D5A500BFDA96 /* ButtonModel.swift */ = {isa = PBXFileReference; lastKnownFileType = sourcecode.swift; path = ButtonModel.swift; sourceTree = "<group>"; };
		857BAD9C25B1DCDE005D7D35 /* Defaults.swift */ = {isa = PBXFileReference; lastKnownFileType = sourcecode.swift; path = Defaults.swift; sourceTree = "<group>"; };
		857BADA325B1FA87005D7D35 /* AddLocalTreeViewModel.swift */ = {isa = PBXFileReference; lastKnownFileType = sourcecode.swift; path = AddLocalTreeViewModel.swift; sourceTree = "<group>"; };
		857BADA725B1FA93005D7D35 /* TreeDetailsViewController.swift */ = {isa = PBXFileReference; lastKnownFileType = sourcecode.swift; path = TreeDetailsViewController.swift; sourceTree = "<group>"; };
		857BADAB25B1FAAA005D7D35 /* UploadListFlowViewController.swift */ = {isa = PBXFileReference; lastKnownFileType = sourcecode.swift; path = UploadListFlowViewController.swift; sourceTree = "<group>"; };
		858A0F2625D8156100E12C2B /* TreeDetailsFlowViewController.swift */ = {isa = PBXFileReference; lastKnownFileType = sourcecode.swift; path = TreeDetailsFlowViewController.swift; sourceTree = "<group>"; };
		859F62D525C22140005E61F7 /* Species.swift */ = {isa = PBXFileReference; lastKnownFileType = sourcecode.swift; path = Species.swift; sourceTree = "<group>"; };
		859F62D825C2215D005E61F7 /* Site.swift */ = {isa = PBXFileReference; lastKnownFileType = sourcecode.swift; path = Site.swift; sourceTree = "<group>"; };
		859F62DB25C2218B005E61F7 /* Supervisor.swift */ = {isa = PBXFileReference; lastKnownFileType = sourcecode.swift; path = Supervisor.swift; sourceTree = "<group>"; };
		859F62DF25C228AE005E61F7 /* KeyedContainer.swift */ = {isa = PBXFileReference; lastKnownFileType = sourcecode.swift; path = KeyedContainer.swift; sourceTree = "<group>"; };
		859F62E325C22D6C005E61F7 /* SelectionsKeyboardView.swift */ = {isa = PBXFileReference; lastKnownFileType = sourcecode.swift; path = SelectionsKeyboardView.swift; sourceTree = "<group>"; };
		859F62E825C48FA2005E61F7 /* DelayedPublished.swift */ = {isa = PBXFileReference; lastKnownFileType = sourcecode.swift; path = DelayedPublished.swift; sourceTree = "<group>"; };
		859F62EE25C48FD8005E61F7 /* AlertModel.swift */ = {isa = PBXFileReference; lastKnownFileType = sourcecode.swift; path = AlertModel.swift; sourceTree = "<group>"; };
		859F62F125C5A7B8005E61F7 /* Cancellable.swift */ = {isa = PBXFileReference; lastKnownFileType = sourcecode.swift; path = Cancellable.swift; sourceTree = "<group>"; };
		859F62FB25C70F29005E61F7 /* CollectionViewController.swift */ = {isa = PBXFileReference; fileEncoding = 4; lastKnownFileType = sourcecode.swift; path = CollectionViewController.swift; sourceTree = "<group>"; };
		859F630125C7176E005E61F7 /* Changelog.md */ = {isa = PBXFileReference; lastKnownFileType = net.daringfireball.markdown; path = Changelog.md; sourceTree = "<group>"; };
		85B839A825B35B540008E167 /* TableViewDataSource.swift */ = {isa = PBXFileReference; lastKnownFileType = sourcecode.swift; path = TableViewDataSource.swift; sourceTree = "<group>"; };
		85B839AC25B47BD30008E167 /* Reusable.swift */ = {isa = PBXFileReference; lastKnownFileType = sourcecode.swift; path = Reusable.swift; sourceTree = "<group>"; };
		85B839B025B47C0A0008E167 /* Action.swift */ = {isa = PBXFileReference; lastKnownFileType = sourcecode.swift; path = Action.swift; sourceTree = "<group>"; };
		85B839B425B47C230008E167 /* CollectionListItem.swift */ = {isa = PBXFileReference; lastKnownFileType = sourcecode.swift; path = CollectionListItem.swift; sourceTree = "<group>"; };
		85B839B725B47C3F0008E167 /* TreeCollectionViewCell.swift */ = {isa = PBXFileReference; lastKnownFileType = sourcecode.swift; path = TreeCollectionViewCell.swift; sourceTree = "<group>"; };
		85B839BA25B4814F0008E167 /* ListSection.swift */ = {isa = PBXFileReference; lastKnownFileType = sourcecode.swift; path = ListSection.swift; sourceTree = "<group>"; };
		85B839BE25B492550008E167 /* PHImageLoader.swift */ = {isa = PBXFileReference; lastKnownFileType = sourcecode.swift; path = PHImageLoader.swift; sourceTree = "<group>"; };
		85B839C225B4A5280008E167 /* BarButtonItem.swift */ = {isa = PBXFileReference; lastKnownFileType = sourcecode.swift; path = BarButtonItem.swift; sourceTree = "<group>"; };
		85B839CA25B5F3EC0008E167 /* PHAsset.swift */ = {isa = PBXFileReference; lastKnownFileType = sourcecode.swift; path = PHAsset.swift; sourceTree = "<group>"; };
		85B839CD25B5F8F30008E167 /* UIAlertController.swift */ = {isa = PBXFileReference; lastKnownFileType = sourcecode.swift; path = UIAlertController.swift; sourceTree = "<group>"; };
		85B839D125B742510008E167 /* TextFieldModel.swift */ = {isa = PBXFileReference; lastKnownFileType = sourcecode.swift; path = TextFieldModel.swift; sourceTree = "<group>"; };
		85B839D525B74E960008E167 /* KeyboardAccessoryView.swift */ = {isa = PBXFileReference; lastKnownFileType = sourcecode.swift; path = KeyboardAccessoryView.swift; sourceTree = "<group>"; };
		85B839D825B74FD20008E167 /* Keyboard.swift */ = {isa = PBXFileReference; lastKnownFileType = sourcecode.swift; path = Keyboard.swift; sourceTree = "<group>"; };
		85B839DC25B74FE00008E167 /* KeyboardAccessory.swift */ = {isa = PBXFileReference; lastKnownFileType = sourcecode.swift; path = KeyboardAccessory.swift; sourceTree = "<group>"; };
		85B839DF25B74FF50008E167 /* TextField.swift */ = {isa = PBXFileReference; lastKnownFileType = sourcecode.swift; path = TextField.swift; sourceTree = "<group>"; };
		85B839E325B753F10008E167 /* KeyboardLayoutGuide.swift */ = {isa = PBXFileReference; lastKnownFileType = sourcecode.swift; path = KeyboardLayoutGuide.swift; sourceTree = "<group>"; };
		85B839E625B862B80008E167 /* CollectionViewDataSource.swift */ = {isa = PBXFileReference; lastKnownFileType = sourcecode.swift; path = CollectionViewDataSource.swift; sourceTree = "<group>"; };
		85B839EB25B8661E0008E167 /* Collection.swift */ = {isa = PBXFileReference; lastKnownFileType = sourcecode.swift; path = Collection.swift; sourceTree = "<group>"; };
		85B839EE25B866370008E167 /* GridCollectionViewLayout.swift */ = {isa = PBXFileReference; lastKnownFileType = sourcecode.swift; path = GridCollectionViewLayout.swift; sourceTree = "<group>"; };
		85B839F225B866590008E167 /* RoundedTappableButton.swift */ = {isa = PBXFileReference; lastKnownFileType = sourcecode.swift; path = RoundedTappableButton.swift; sourceTree = "<group>"; };
		85B839F725B86F0A0008E167 /* PHAssetManager.swift */ = {isa = PBXFileReference; lastKnownFileType = sourcecode.swift; path = PHAssetManager.swift; sourceTree = "<group>"; };
		85B839FA25B86F1A0008E167 /* ImageLoader.swift */ = {isa = PBXFileReference; lastKnownFileType = sourcecode.swift; path = ImageLoader.swift; sourceTree = "<group>"; };
		85B83A0125B8735F0008E167 /* AnyImageLoader.swift */ = {isa = PBXFileReference; lastKnownFileType = sourcecode.swift; path = AnyImageLoader.swift; sourceTree = "<group>"; };
		85B83A1425B87E780008E167 /* UploadViewModel.swift */ = {isa = PBXFileReference; lastKnownFileType = sourcecode.swift; path = UploadViewModel.swift; sourceTree = "<group>"; };
		85B83A1725B881EC0008E167 /* LocalTree.swift */ = {isa = PBXFileReference; lastKnownFileType = sourcecode.swift; path = LocalTree.swift; sourceTree = "<group>"; };
		85B83A1B25B8AC650008E167 /* EditLocalTreeViewModel.swift */ = {isa = PBXFileReference; lastKnownFileType = sourcecode.swift; path = EditLocalTreeViewModel.swift; sourceTree = "<group>"; };
		85B83A2225B9C1BC0008E167 /* NavigationViewController.swift */ = {isa = PBXFileReference; lastKnownFileType = sourcecode.swift; path = NavigationViewController.swift; sourceTree = "<group>"; };
		85B83A2525B9C1D50008E167 /* MainFlowViewController.swift */ = {isa = PBXFileReference; lastKnownFileType = sourcecode.swift; path = MainFlowViewController.swift; sourceTree = "<group>"; };
		85B83A2925B9C5CB0008E167 /* JSONDecoder.swift */ = {isa = PBXFileReference; lastKnownFileType = sourcecode.swift; path = JSONDecoder.swift; sourceTree = "<group>"; };
		85B83A2C25B9C5DB0008E167 /* DateFormatter.swift */ = {isa = PBXFileReference; lastKnownFileType = sourcecode.swift; path = DateFormatter.swift; sourceTree = "<group>"; };
		85B83A2F25B9C5E90008E167 /* JSONEncoder.swift */ = {isa = PBXFileReference; lastKnownFileType = sourcecode.swift; path = JSONEncoder.swift; sourceTree = "<group>"; };
		85B83A3225B9C9DC0008E167 /* String.swift */ = {isa = PBXFileReference; lastKnownFileType = sourcecode.swift; path = String.swift; sourceTree = "<group>"; };
		85B83A3725B9D9C40008E167 /* Data.swift */ = {isa = PBXFileReference; lastKnownFileType = sourcecode.swift; path = Data.swift; sourceTree = "<group>"; };
		85C781A025CC744E0034292D /* ScreenLockManager.swift */ = {isa = PBXFileReference; lastKnownFileType = sourcecode.swift; path = ScreenLockManager.swift; sourceTree = "<group>"; };
		85CC02E5261B6DD90016E618 /* TableViewController.swift */ = {isa = PBXFileReference; lastKnownFileType = sourcecode.swift; path = TableViewController.swift; sourceTree = "<group>"; };
		85CC02E8261B6E820016E618 /* TableListItem.swift */ = {isa = PBXFileReference; lastKnownFileType = sourcecode.swift; path = TableListItem.swift; sourceTree = "<group>"; };
		85CC02EB261B6EA90016E618 /* TextTableViewCell.swift */ = {isa = PBXFileReference; lastKnownFileType = sourcecode.swift; path = TextTableViewCell.swift; sourceTree = "<group>"; };
		85CC0303261CC8FE0016E618 /* LocationManager.swift */ = {isa = PBXFileReference; lastKnownFileType = sourcecode.swift; path = LocationManager.swift; sourceTree = "<group>"; };
		85DC213B25E0FC8F003F0721 /* ImageCacheInfo.swift */ = {isa = PBXFileReference; lastKnownFileType = sourcecode.swift; path = ImageCacheInfo.swift; sourceTree = "<group>"; };
		85DC213F25E0FC9F003F0721 /* ImageCaching.swift */ = {isa = PBXFileReference; lastKnownFileType = sourcecode.swift; path = ImageCaching.swift; sourceTree = "<group>"; };
		85DC214225E0FCAD003F0721 /* DiskImageCache.swift */ = {isa = PBXFileReference; lastKnownFileType = sourcecode.swift; path = DiskImageCache.swift; sourceTree = "<group>"; };
		85DC214525E0FCBF003F0721 /* GRDBImageCache.swift */ = {isa = PBXFileReference; lastKnownFileType = sourcecode.swift; path = GRDBImageCache.swift; sourceTree = "<group>"; };
		85E0E05D25B33F8C009D8FC0 /* TappableButton.swift */ = {isa = PBXFileReference; lastKnownFileType = sourcecode.swift; path = TappableButton.swift; sourceTree = "<group>"; };
		85E0E06125B35744009D8FC0 /* UIView.swift */ = {isa = PBXFileReference; lastKnownFileType = sourcecode.swift; path = UIView.swift; sourceTree = "<group>"; };
		9D2B454E2944F54000B09C84 /* LocationWarningOverlayView.swift */ = {isa = PBXFileReference; lastKnownFileType = sourcecode.swift; path = LocationWarningOverlayView.swift; sourceTree = "<group>"; };
		9D2DB5F529606B220040B1DB /* UploadedTree.swift */ = {isa = PBXFileReference; lastKnownFileType = sourcecode.swift; path = UploadedTree.swift; sourceTree = "<group>"; };
		9D36C7EA2A22950B00E04552 /* AWSS3Configuration.swift */ = {isa = PBXFileReference; lastKnownFileType = sourcecode.swift; path = AWSS3Configuration.swift; sourceTree = "<group>"; };
		9D3C323A29F5BDEA00462558 /* UploadCompletionHolder.swift */ = {isa = PBXFileReference; lastKnownFileType = sourcecode.swift; path = UploadCompletionHolder.swift; sourceTree = "<group>"; };
		9D47D97E286F293000F7B92F /* ProtectEarthSupervisor.swift */ = {isa = PBXFileReference; lastKnownFileType = sourcecode.swift; path = ProtectEarthSupervisor.swift; sourceTree = "<group>"; };
		9D47D981286F29E100F7B92F /* ProtectEarthCodableTests.swift */ = {isa = PBXFileReference; lastKnownFileType = sourcecode.swift; path = ProtectEarthCodableTests.swift; sourceTree = "<group>"; };
		9D562D6428B81BDE00B66716 /* ProtectEarthUpload.swift */ = {isa = PBXFileReference; lastKnownFileType = sourcecode.swift; path = ProtectEarthUpload.swift; sourceTree = "<group>"; };
		9D562D6628B81D5400B66716 /* ProtectEarthIdentifier.swift */ = {isa = PBXFileReference; lastKnownFileType = sourcecode.swift; path = ProtectEarthIdentifier.swift; sourceTree = "<group>"; };
		9D5CDBD627BBC080007D4F0A /* ExportOptions.plist */ = {isa = PBXFileReference; lastKnownFileType = text.plist.xml; path = ExportOptions.plist; sourceTree = "<group>"; };
		9D5D5E27284B630D00F3AD3E /* SpeciesService.swift */ = {isa = PBXFileReference; lastKnownFileType = sourcecode.swift; path = SpeciesService.swift; sourceTree = "<group>"; };
		9D5D5E2B284B66BB00F3AD3E /* SupervisorService.swift */ = {isa = PBXFileReference; lastKnownFileType = sourcecode.swift; path = SupervisorService.swift; sourceTree = "<group>"; };
		9D5F0617286F346800C8D4A6 /* ProtectEarthSupervisorService.swift */ = {isa = PBXFileReference; lastKnownFileType = sourcecode.swift; path = ProtectEarthSupervisorService.swift; sourceTree = "<group>"; };
		9D5F061A286F348F00C8D4A6 /* ProtectEarthSessionFactory.swift */ = {isa = PBXFileReference; lastKnownFileType = sourcecode.swift; path = ProtectEarthSessionFactory.swift; sourceTree = "<group>"; };
		9D5F061D286F35C700C8D4A6 /* BearerTokenAuthenticationAdapter.swift */ = {isa = PBXFileReference; lastKnownFileType = sourcecode.swift; path = BearerTokenAuthenticationAdapter.swift; sourceTree = "<group>"; };
		9D5F0620286F5FEF00C8D4A6 /* AlamofireSessionFactory.swift */ = {isa = PBXFileReference; lastKnownFileType = sourcecode.swift; path = AlamofireSessionFactory.swift; sourceTree = "<group>"; };
		9D5F0623286F755600C8D4A6 /* ProtectEarthSupervisorServiceTests.swift */ = {isa = PBXFileReference; lastKnownFileType = sourcecode.swift; path = ProtectEarthSupervisorServiceTests.swift; sourceTree = "<group>"; };
		9D5F062A2874DD0400C8D4A6 /* ProtectEarthSite.swift */ = {isa = PBXFileReference; lastKnownFileType = sourcecode.swift; path = ProtectEarthSite.swift; sourceTree = "<group>"; };
		9D5F062C2874E35D00C8D4A6 /* ProtectEarthSiteService.swift */ = {isa = PBXFileReference; lastKnownFileType = sourcecode.swift; path = ProtectEarthSiteService.swift; sourceTree = "<group>"; };
		9D5F062E2874E5CA00C8D4A6 /* ProtectEarthSiteServiceTests.swift */ = {isa = PBXFileReference; lastKnownFileType = sourcecode.swift; path = ProtectEarthSiteServiceTests.swift; sourceTree = "<group>"; };
		9D5F06322878ADF000C8D4A6 /* DataResponse.swift */ = {isa = PBXFileReference; fileEncoding = 4; lastKnownFileType = sourcecode.swift; path = DataResponse.swift; sourceTree = "<group>"; };
		9D79A5A6283AE03100F0F96C /* SiteService.swift */ = {isa = PBXFileReference; lastKnownFileType = sourcecode.swift; path = SiteService.swift; sourceTree = "<group>"; };
		9D79A5A9283AE27500F0F96C /* ProtectEarthError.swift */ = {isa = PBXFileReference; lastKnownFileType = sourcecode.swift; path = ProtectEarthError.swift; sourceTree = "<group>"; };
		9DA1FC33283452CC00AEC584 /* AppDelegate+Injection.swift */ = {isa = PBXFileReference; lastKnownFileType = sourcecode.swift; path = "AppDelegate+Injection.swift"; sourceTree = "<group>"; };
		9DA84706287DB9D400B0BB3E /* ProtectEarthSpecies.swift */ = {isa = PBXFileReference; lastKnownFileType = sourcecode.swift; path = ProtectEarthSpecies.swift; sourceTree = "<group>"; };
		9DA84708287DBA3F00B0BB3E /* ProtectEarthSpeciesServiceTests.swift */ = {isa = PBXFileReference; lastKnownFileType = sourcecode.swift; path = ProtectEarthSpeciesServiceTests.swift; sourceTree = "<group>"; };
		9DA8470A287DBBC300B0BB3E /* ProtectEarthSpeciesService.swift */ = {isa = PBXFileReference; lastKnownFileType = sourcecode.swift; path = ProtectEarthSpeciesService.swift; sourceTree = "<group>"; };
		9DA8470C28844E5000B0BB3E /* ProtectEarthTreeService.swift */ = {isa = PBXFileReference; fileEncoding = 4; lastKnownFileType = sourcecode.swift; path = ProtectEarthTreeService.swift; sourceTree = "<group>"; };
		9DA8470E28844E9000B0BB3E /* TreeService.swift */ = {isa = PBXFileReference; lastKnownFileType = sourcecode.swift; path = TreeService.swift; sourceTree = "<group>"; };
		9DB29B4D281DE04F00AAC73D /* SettingsNavigationController.swift */ = {isa = PBXFileReference; lastKnownFileType = sourcecode.swift; path = SettingsNavigationController.swift; sourceTree = "<group>"; };
		9DB29B552821C28300AAC73D /* SettingsController.swift */ = {isa = PBXFileReference; lastKnownFileType = sourcecode.swift; path = SettingsController.swift; sourceTree = "<group>"; };
		9DB29B572821D50000AAC73D /* SimpleTableViewCell.swift */ = {isa = PBXFileReference; lastKnownFileType = sourcecode.swift; path = SimpleTableViewCell.swift; sourceTree = "<group>"; };
		9DB29B59282876B700AAC73D /* SitesController.swift */ = {isa = PBXFileReference; lastKnownFileType = sourcecode.swift; path = SitesController.swift; sourceTree = "<group>"; };
		9DD03B12299952E400537A31 /* PortraitUITabBarController.swift */ = {isa = PBXFileReference; lastKnownFileType = sourcecode.swift; path = PortraitUITabBarController.swift; sourceTree = "<group>"; };
		9DFF45C328C69AAD00D45C73 /* CloudinaryUploadResponse.swift */ = {isa = PBXFileReference; lastKnownFileType = sourcecode.swift; path = CloudinaryUploadResponse.swift; sourceTree = "<group>"; };
		9DFF6276282E63100008AEEF /* SupervisorsController.swift */ = {isa = PBXFileReference; lastKnownFileType = sourcecode.swift; path = SupervisorsController.swift; sourceTree = "<group>"; };
		9DFF6278282E64780008AEEF /* SpeciesController.swift */ = {isa = PBXFileReference; lastKnownFileType = sourcecode.swift; path = SpeciesController.swift; sourceTree = "<group>"; };
/* End PBXFileReference section */

/* Begin PBXFrameworksBuildPhase section */
		851DAC24262F2FA70087E1D4 /* Frameworks */ = {
			isa = PBXFrameworksBuildPhase;
			buildActionMask = 2147483647;
			files = (
			);
			runOnlyForDeploymentPostprocessing = 0;
		};
		853ABD4F2596144900144B0D /* Frameworks */ = {
			isa = PBXFrameworksBuildPhase;
			buildActionMask = 2147483647;
			files = (
				85A0EF7F25A226D9003CE744 /* GRDB in Frameworks */,
				85B83A0D25B87C0D0008E167 /* BSImagePicker in Frameworks */,
				9DCC548C28073F0A00CF67AA /* Resolver in Frameworks */,
				9D375F932AC8873C009AF2D2 /* AWSS3 in Frameworks */,
				9D375F912AC8873C009AF2D2 /* AWSCore in Frameworks */,
				9D01D566285CD2E50009F753 /* RollbarSwift in Frameworks */,
				9D01D564285CD2E50009F753 /* RollbarNotifier in Frameworks */,
				85A0EF8325A2271C003CE744 /* Alamofire in Frameworks */,
				9D01D562285CD2E50009F753 /* RollbarCommon in Frameworks */,
			);
			runOnlyForDeploymentPostprocessing = 0;
		};
/* End PBXFrameworksBuildPhase section */

/* Begin PBXGroup section */
		851DAC28262F2FA70087E1D4 /* Unit Tests */ = {
			isa = PBXGroup;
			children = (
				851DAC2B262F2FA70087E1D4 /* Info.plist */,
				851DAC35262F2FE30087E1D4 /* RecentSpeciesManagerTests.swift */,
				851DAC39262F35B80087E1D4 /* TestHelpers.swift */,
				9D47D981286F29E100F7B92F /* ProtectEarthCodableTests.swift */,
				9D5F0623286F755600C8D4A6 /* ProtectEarthSupervisorServiceTests.swift */,
				9D5F062E2874E5CA00C8D4A6 /* ProtectEarthSiteServiceTests.swift */,
				9DA84708287DBA3F00B0BB3E /* ProtectEarthSpeciesServiceTests.swift */,
			);
			path = "Unit Tests";
			sourceTree = "<group>";
		};
		853415ED25CEEE28006DDAC4 /* Upload Session */ = {
			isa = PBXGroup;
			children = (
				853415EF25CEEE39006DDAC4 /* UploadSessionViewController.swift */,
				853415F225CEEE40006DDAC4 /* UploadSessionViewModel.swift */,
			);
			path = "Upload Session";
			sourceTree = "<group>";
		};
		853ABD492596144900144B0D = {
			isa = PBXGroup;
			children = (
				859F630125C7176E005E61F7 /* Changelog.md */,
				853ABD7925961C6500144B0D /* License.md */,
				853ABD7C25961C6D00144B0D /* Readme.md */,
				853ABD542596144900144B0D /* Tree Tracker */,
				851DAC28262F2FA70087E1D4 /* Unit Tests */,
				853ABD532596144900144B0D /* Products */,
				853ABD8325961EFC00144B0D /* Frameworks */,
			);
			sourceTree = "<group>";
		};
		853ABD532596144900144B0D /* Products */ = {
			isa = PBXGroup;
			children = (
				853ABD522596144900144B0D /* Tree Tracker.app */,
				851DAC27262F2FA70087E1D4 /* Unit Tests.xctest */,
			);
			name = Products;
			sourceTree = "<group>";
		};
		853ABD542596144900144B0D /* Tree Tracker */ = {
			isa = PBXGroup;
			children = (
				9D79A5A8283AE25300F0F96C /* Errors */,
				857BADAA25B1FA9D005D7D35 /* Navigation */,
				85792A8925B1D56D00BFDA96 /* Screens */,
				85E0E05C25B33F73009D8FC0 /* UI Components */,
				85792A8425B1D53000BFDA96 /* Utilities */,
				85792A7425B0A35100BFDA96 /* Extensions */,
				85A0EF9025A231F2003CE744 /* Services */,
				85B839AB25B47BC80008E167 /* Protocols */,
				85A0EF8B25A23041003CE744 /* Models */,
				853ABD552596144900144B0D /* AppDelegate.swift */,
				853ABD8825961F9700144B0D /* Constants.swift */,
				8563C262260BBC7A00752793 /* Secrets.swift */,
				853ABD5E2596144A00144B0D /* Assets.xcassets */,
				853ABD7225961B4800144B0D /* IDETemplateMacros.plist */,
				853ABD602596144A00144B0D /* LaunchScreen.storyboard */,
				853ABD632596144A00144B0D /* Info.plist */,
				9D5CDBD627BBC080007D4F0A /* ExportOptions.plist */,
				9DA1FC33283452CC00AEC584 /* AppDelegate+Injection.swift */,
			);
			path = "Tree Tracker";
			sourceTree = "<group>";
		};
		853ABD8325961EFC00144B0D /* Frameworks */ = {
			isa = PBXGroup;
			children = (
			);
			name = Frameworks;
			sourceTree = "<group>";
		};
		85792A7425B0A35100BFDA96 /* Extensions */ = {
			isa = PBXGroup;
			children = (
				9D5F06322878ADF000C8D4A6 /* DataResponse.swift */,
				85B839EB25B8661E0008E167 /* Collection.swift */,
				85B83A3725B9D9C40008E167 /* Data.swift */,
				851DAC1C262B4B0B0087E1D4 /* Date.swift */,
				85B83A2C25B9C5DB0008E167 /* DateFormatter.swift */,
				85B83A2925B9C5CB0008E167 /* JSONDecoder.swift */,
				85B83A2F25B9C5E90008E167 /* JSONEncoder.swift */,
				859F62DF25C228AE005E61F7 /* KeyedContainer.swift */,
				85B839CA25B5F3EC0008E167 /* PHAsset.swift */,
				853415FF25CF09CE006DDAC4 /* PHPhotoLibrary.swift */,
				85B83A3225B9C9DC0008E167 /* String.swift */,
				85B839CD25B5F8F30008E167 /* UIAlertController.swift */,
				853415FC25CF0957006DDAC4 /* UIEdgeInsets.swift */,
				85792A7525B0A35A00BFDA96 /* UIImage.swift */,
				85E0E06125B35744009D8FC0 /* UIView.swift */,
				853415F925CF0947006DDAC4 /* UIViewController.swift */,
				85792A7925B0A36B00BFDA96 /* URL.swift */,
			);
			path = Extensions;
			sourceTree = "<group>";
		};
		85792A8425B1D53000BFDA96 /* Utilities */ = {
			isa = PBXGroup;
			children = (
				85DC213A25E0FC7A003F0721 /* Image Cache */,
				859F62EB25C48FA6005E61F7 /* Property Wrappers */,
				85B83A0125B8735F0008E167 /* AnyImageLoader.swift */,
				857BAD9C25B1DCDE005D7D35 /* Defaults.swift */,
				85792A8525B1D53700BFDA96 /* Environment.swift */,
				85CC0303261CC8FE0016E618 /* LocationManager.swift */,
				85763A9325E29CE300CB4ED3 /* Logger.swift */,
				85B839F725B86F0A0008E167 /* PHAssetManager.swift */,
				85B839BE25B492550008E167 /* PHImageLoader.swift */,
				851DAC1F262C55FD0087E1D4 /* RecentSpeciesManager.swift */,
				85C781A025CC744E0034292D /* ScreenLockManager.swift */,
				9D3C323A29F5BDEA00462558 /* UploadCompletionHolder.swift */,
				9D36C7EA2A22950B00E04552 /* AWSS3Configuration.swift */,
			);
			path = Utilities;
			sourceTree = "<group>";
		};
		85792A8925B1D56D00BFDA96 /* Screens */ = {
			isa = PBXGroup;
			children = (
				9DCC548D2807815E00CF67AA /* Settings */,
				853415ED25CEEE28006DDAC4 /* Upload Session */,
				85B83A0F25B87E310008E167 /* Upload */,
				857BADA225B1FA79005D7D35 /* Details */,
			);
			path = Screens;
			sourceTree = "<group>";
		};
		857BADA225B1FA79005D7D35 /* Details */ = {
			isa = PBXGroup;
			children = (
				857BADA325B1FA87005D7D35 /* AddLocalTreeViewModel.swift */,
				857BADA725B1FA93005D7D35 /* TreeDetailsViewController.swift */,
				85B83A1B25B8AC650008E167 /* EditLocalTreeViewModel.swift */,
			);
			path = Details;
			sourceTree = "<group>";
		};
		857BADAA25B1FA9D005D7D35 /* Navigation */ = {
			isa = PBXGroup;
			children = (
				858A0F2625D8156100E12C2B /* TreeDetailsFlowViewController.swift */,
				85B83A2525B9C1D50008E167 /* MainFlowViewController.swift */,
				857BADAB25B1FAAA005D7D35 /* UploadListFlowViewController.swift */,
				9DB29B4D281DE04F00AAC73D /* SettingsNavigationController.swift */,
			);
			path = Navigation;
			sourceTree = "<group>";
		};
		859F62C825C1C599005E61F7 /* Api */ = {
			isa = PBXGroup;
			children = (
				9D47D97E286F293000F7B92F /* ProtectEarthSupervisor.swift */,
				9D5F062A2874DD0400C8D4A6 /* ProtectEarthSite.swift */,
				9DA84706287DB9D400B0BB3E /* ProtectEarthSpecies.swift */,
				9D562D6428B81BDE00B66716 /* ProtectEarthUpload.swift */,
				9D562D6628B81D5400B66716 /* ProtectEarthIdentifier.swift */,
				9DFF45C328C69AAD00D45C73 /* CloudinaryUploadResponse.swift */,
			);
			path = Api;
			sourceTree = "<group>";
		};
		859F62CA25C1C5AA005E61F7 /* Database */ = {
			isa = PBXGroup;
			children = (
				85B83A1725B881EC0008E167 /* LocalTree.swift */,
				859F62D825C2215D005E61F7 /* Site.swift */,
				859F62D525C22140005E61F7 /* Species.swift */,
				859F62DB25C2218B005E61F7 /* Supervisor.swift */,
				9D2DB5F529606B220040B1DB /* UploadedTree.swift */,
			);
			path = Database;
			sourceTree = "<group>";
		};
		859F62CB25C1C5B5005E61F7 /* UI */ = {
			isa = PBXGroup;
			children = (
				859F62EE25C48FD8005E61F7 /* AlertModel.swift */,
				85792A9125B1D5A500BFDA96 /* ButtonModel.swift */,
				85B839B425B47C230008E167 /* CollectionListItem.swift */,
				85B839D825B74FD20008E167 /* Keyboard.swift */,
				85B839DC25B74FE00008E167 /* KeyboardAccessory.swift */,
				85B839BA25B4814F0008E167 /* ListSection.swift */,
				85792A8E25B1D59F00BFDA96 /* SyncProgress.swift */,
				85CC02E8261B6E820016E618 /* TableListItem.swift */,
				85B839D125B742510008E167 /* TextFieldModel.swift */,
			);
			path = UI;
			sourceTree = "<group>";
		};
		859F62EB25C48FA6005E61F7 /* Property Wrappers */ = {
			isa = PBXGroup;
			children = (
				859F62E825C48FA2005E61F7 /* DelayedPublished.swift */,
			);
			path = "Property Wrappers";
			sourceTree = "<group>";
		};
		85A0EF8B25A23041003CE744 /* Models */ = {
			isa = PBXGroup;
			children = (
				859F62C825C1C599005E61F7 /* Api */,
				859F62CA25C1C5AA005E61F7 /* Database */,
				859F62CB25C1C5B5005E61F7 /* UI */,
				85B839B025B47C0A0008E167 /* Action.swift */,
				857123CF2639C3AF008EE027 /* ClosureCancellable.swift */,
				851DAC19262B4A9A0087E1D4 /* RecentSpecies.swift */,
			);
			path = Models;
			sourceTree = "<group>";
		};
		85A0EF9025A231F2003CE744 /* Services */ = {
			isa = PBXGroup;
			children = (
				9D5F0620286F5FEF00C8D4A6 /* AlamofireSessionFactory.swift */,
				9D5F061D286F35C700C8D4A6 /* BearerTokenAuthenticationAdapter.swift */,
				9D5F0616286F344E00C8D4A6 /* ProtectEarth */,
				6CC985AA27F393630027C795 /* RetryingRequestInterceptor.swift */,
				85792A7C25B0A3E100BFDA96 /* Database.swift */,
				9D79A5A6283AE03100F0F96C /* SiteService.swift */,
				9D5D5E27284B630D00F3AD3E /* SpeciesService.swift */,
				9D5D5E2B284B66BB00F3AD3E /* SupervisorService.swift */,
				9DA8470E28844E9000B0BB3E /* TreeService.swift */,
			);
			path = Services;
			sourceTree = "<group>";
		};
		85B839AB25B47BC80008E167 /* Protocols */ = {
			isa = PBXGroup;
			children = (
				859F62F125C5A7B8005E61F7 /* Cancellable.swift */,
				85B839FA25B86F1A0008E167 /* ImageLoader.swift */,
				85B839AC25B47BD30008E167 /* Reusable.swift */,
			);
			path = Protocols;
			sourceTree = "<group>";
		};
		85B83A0F25B87E310008E167 /* Upload */ = {
			isa = PBXGroup;
			children = (
				85B83A1425B87E780008E167 /* UploadViewModel.swift */,
			);
			path = Upload;
			sourceTree = "<group>";
		};
		85DC213A25E0FC7A003F0721 /* Image Cache */ = {
			isa = PBXGroup;
			children = (
				85DC213B25E0FC8F003F0721 /* ImageCacheInfo.swift */,
				85DC213F25E0FC9F003F0721 /* ImageCaching.swift */,
				85DC214225E0FCAD003F0721 /* DiskImageCache.swift */,
				85DC214525E0FCBF003F0721 /* GRDBImageCache.swift */,
			);
			path = "Image Cache";
			sourceTree = "<group>";
		};
		85E0E05C25B33F73009D8FC0 /* UI Components */ = {
			isa = PBXGroup;
			children = (
				85B839C225B4A5280008E167 /* BarButtonItem.swift */,
				859F62FB25C70F29005E61F7 /* CollectionViewController.swift */,
				85B839E625B862B80008E167 /* CollectionViewDataSource.swift */,
				85B839EE25B866370008E167 /* GridCollectionViewLayout.swift */,
				85B839D525B74E960008E167 /* KeyboardAccessoryView.swift */,
				85B839E325B753F10008E167 /* KeyboardLayoutGuide.swift */,
				85B83A2225B9C1BC0008E167 /* NavigationViewController.swift */,
				85763A9C25E2B0AB00CB4ED3 /* RotatingUIImagePickerController.swift */,
				85B839F225B866590008E167 /* RoundedTappableButton.swift */,
				859F62E325C22D6C005E61F7 /* SelectionsKeyboardView.swift */,
				85CC02E5261B6DD90016E618 /* TableViewController.swift */,
				85B839A825B35B540008E167 /* TableViewDataSource.swift */,
				85E0E05D25B33F8C009D8FC0 /* TappableButton.swift */,
				85B839DF25B74FF50008E167 /* TextField.swift */,
				85B839B725B47C3F0008E167 /* TreeCollectionViewCell.swift */,
				85CC02EB261B6EA90016E618 /* TextTableViewCell.swift */,
				9DB29B572821D50000AAC73D /* SimpleTableViewCell.swift */,
				9D2B454E2944F54000B09C84 /* LocationWarningOverlayView.swift */,
				9DD03B12299952E400537A31 /* PortraitUITabBarController.swift */,
			);
			path = "UI Components";
			sourceTree = "<group>";
		};
		9D5F0616286F344E00C8D4A6 /* ProtectEarth */ = {
			isa = PBXGroup;
			children = (
				9DA8470C28844E5000B0BB3E /* ProtectEarthTreeService.swift */,
				9D5F0617286F346800C8D4A6 /* ProtectEarthSupervisorService.swift */,
				9D5F061A286F348F00C8D4A6 /* ProtectEarthSessionFactory.swift */,
				9D5F062C2874E35D00C8D4A6 /* ProtectEarthSiteService.swift */,
				9DA8470A287DBBC300B0BB3E /* ProtectEarthSpeciesService.swift */,
			);
			path = ProtectEarth;
			sourceTree = "<group>";
		};
		9D79A5A8283AE25300F0F96C /* Errors */ = {
			isa = PBXGroup;
			children = (
				9D79A5A9283AE27500F0F96C /* ProtectEarthError.swift */,
			);
			path = Errors;
			sourceTree = "<group>";
		};
		9DCC548D2807815E00CF67AA /* Settings */ = {
			isa = PBXGroup;
			children = (
				9DB29B552821C28300AAC73D /* SettingsController.swift */,
				9DB29B59282876B700AAC73D /* SitesController.swift */,
				9DFF6276282E63100008AEEF /* SupervisorsController.swift */,
				9DFF6278282E64780008AEEF /* SpeciesController.swift */,
			);
			path = Settings;
			sourceTree = "<group>";
		};
/* End PBXGroup section */

/* Begin PBXNativeTarget section */
		851DAC26262F2FA70087E1D4 /* Unit Tests */ = {
			isa = PBXNativeTarget;
			buildConfigurationList = 851DAC2E262F2FA70087E1D4 /* Build configuration list for PBXNativeTarget "Unit Tests" */;
			buildPhases = (
				851DAC23262F2FA70087E1D4 /* Sources */,
				851DAC24262F2FA70087E1D4 /* Frameworks */,
				851DAC25262F2FA70087E1D4 /* Resources */,
			);
			buildRules = (
			);
			dependencies = (
				851DAC2D262F2FA70087E1D4 /* PBXTargetDependency */,
			);
			name = "Unit Tests";
			productName = "Unit Tests";
			productReference = 851DAC27262F2FA70087E1D4 /* Unit Tests.xctest */;
			productType = "com.apple.product-type.bundle.unit-test";
		};
		853ABD512596144900144B0D /* Tree Tracker */ = {
			isa = PBXNativeTarget;
			buildConfigurationList = 853ABD662596144A00144B0D /* Build configuration list for PBXNativeTarget "Tree Tracker" */;
			buildPhases = (
				853ABD4E2596144900144B0D /* Sources */,
				853ABD4F2596144900144B0D /* Frameworks */,
				853ABD502596144900144B0D /* Resources */,
			);
			buildRules = (
			);
			dependencies = (
				9D5CDBD527BBB7D2007D4F0A /* PBXTargetDependency */,
			);
			name = "Tree Tracker";
			packageProductDependencies = (
				85A0EF7E25A226D9003CE744 /* GRDB */,
				85A0EF8225A2271C003CE744 /* Alamofire */,
				85B83A0C25B87C0D0008E167 /* BSImagePicker */,
				9DCC548B28073F0A00CF67AA /* Resolver */,
				9D01D561285CD2E50009F753 /* RollbarCommon */,
				9D01D563285CD2E50009F753 /* RollbarNotifier */,
				9D01D565285CD2E50009F753 /* RollbarSwift */,
				9D375F902AC8873C009AF2D2 /* AWSCore */,
				9D375F922AC8873C009AF2D2 /* AWSS3 */,
			);
			productName = "Tree Tracker";
			productReference = 853ABD522596144900144B0D /* Tree Tracker.app */;
			productType = "com.apple.product-type.application";
		};
/* End PBXNativeTarget section */

/* Begin PBXProject section */
		853ABD4A2596144900144B0D /* Project object */ = {
			isa = PBXProject;
			attributes = {
				LastSwiftUpdateCheck = 1240;
				LastUpgradeCheck = 1220;
				ORGANIZATIONNAME = "Protect Earth";
				TargetAttributes = {
					851DAC26262F2FA70087E1D4 = {
						CreatedOnToolsVersion = 12.4;
						LastSwiftMigration = 1240;
						TestTargetID = 853ABD512596144900144B0D;
					};
					853ABD512596144900144B0D = {
						CreatedOnToolsVersion = 12.2;
					};
				};
			};
			buildConfigurationList = 853ABD4D2596144900144B0D /* Build configuration list for PBXProject "Tree Tracker" */;
			compatibilityVersion = "Xcode 9.3";
			developmentRegion = en;
			hasScannedForEncodings = 0;
			knownRegions = (
				en,
				Base,
			);
			mainGroup = 853ABD492596144900144B0D;
			packageReferences = (
				85A0EF7D25A226D9003CE744 /* XCRemoteSwiftPackageReference "GRDB" */,
				85A0EF8125A2271C003CE744 /* XCRemoteSwiftPackageReference "Alamofire" */,
				85B83A0B25B87C0D0008E167 /* XCRemoteSwiftPackageReference "BSImagePicker" */,
				9DCC548A28073F0A00CF67AA /* XCRemoteSwiftPackageReference "Resolver" */,
				9D01D560285CD2E50009F753 /* XCRemoteSwiftPackageReference "rollbar-apple" */,
				9D375F8F2AC8873C009AF2D2 /* XCRemoteSwiftPackageReference "aws-sdk-ios-spm" */,
			);
			productRefGroup = 853ABD532596144900144B0D /* Products */;
			projectDirPath = "";
			projectRoot = "";
			targets = (
				853ABD512596144900144B0D /* Tree Tracker */,
				851DAC26262F2FA70087E1D4 /* Unit Tests */,
			);
		};
/* End PBXProject section */

/* Begin PBXResourcesBuildPhase section */
		851DAC25262F2FA70087E1D4 /* Resources */ = {
			isa = PBXResourcesBuildPhase;
			buildActionMask = 2147483647;
			files = (
			);
			runOnlyForDeploymentPostprocessing = 0;
		};
		853ABD502596144900144B0D /* Resources */ = {
			isa = PBXResourcesBuildPhase;
			buildActionMask = 2147483647;
			files = (
				853ABD7A25961C6500144B0D /* License.md in Resources */,
				9D5CDBD727BBC080007D4F0A /* ExportOptions.plist in Resources */,
				853ABD622596144A00144B0D /* LaunchScreen.storyboard in Resources */,
				853ABD7325961B4800144B0D /* IDETemplateMacros.plist in Resources */,
				853ABD5F2596144A00144B0D /* Assets.xcassets in Resources */,
			);
			runOnlyForDeploymentPostprocessing = 0;
		};
/* End PBXResourcesBuildPhase section */

/* Begin PBXSourcesBuildPhase section */
		851DAC23262F2FA70087E1D4 /* Sources */ = {
			isa = PBXSourcesBuildPhase;
			buildActionMask = 2147483647;
			files = (
				9D5F0624286F755600C8D4A6 /* ProtectEarthSupervisorServiceTests.swift in Sources */,
				9D5F062F2874E5CA00C8D4A6 /* ProtectEarthSiteServiceTests.swift in Sources */,
				851DAC36262F2FE30087E1D4 /* RecentSpeciesManagerTests.swift in Sources */,
				9DA84709287DBA3F00B0BB3E /* ProtectEarthSpeciesServiceTests.swift in Sources */,
				851DAC3A262F35B80087E1D4 /* TestHelpers.swift in Sources */,
				9D47D982286F29E100F7B92F /* ProtectEarthCodableTests.swift in Sources */,
			);
			runOnlyForDeploymentPostprocessing = 0;
		};
		853ABD4E2596144900144B0D /* Sources */ = {
			isa = PBXSourcesBuildPhase;
			buildActionMask = 2147483647;
			files = (
				85DC214325E0FCAD003F0721 /* DiskImageCache.swift in Sources */,
				853415FA25CF0947006DDAC4 /* UIViewController.swift in Sources */,
				85B839C325B4A5280008E167 /* BarButtonItem.swift in Sources */,
				9D5F0618286F346800C8D4A6 /* ProtectEarthSupervisorService.swift in Sources */,
				853415F325CEEE40006DDAC4 /* UploadSessionViewModel.swift in Sources */,
				85B839B525B47C230008E167 /* CollectionListItem.swift in Sources */,
				85B839D225B742510008E167 /* TextFieldModel.swift in Sources */,
				85B839B125B47C0A0008E167 /* Action.swift in Sources */,
				85B83A3325B9C9DC0008E167 /* String.swift in Sources */,
				857BAD9D25B1DCDE005D7D35 /* Defaults.swift in Sources */,
				85B839E425B753F10008E167 /* KeyboardLayoutGuide.swift in Sources */,
				9D2DB5F629606B220040B1DB /* UploadedTree.swift in Sources */,
				85CC02E6261B6DD90016E618 /* TableViewController.swift in Sources */,
				9DA84707287DB9D400B0BB3E /* ProtectEarthSpecies.swift in Sources */,
				85B839D625B74E960008E167 /* KeyboardAccessoryView.swift in Sources */,
				85B839BF25B492550008E167 /* PHImageLoader.swift in Sources */,
				85E0E05E25B33F8C009D8FC0 /* TappableButton.swift in Sources */,
				85B839B825B47C3F0008E167 /* TreeCollectionViewCell.swift in Sources */,
				85B839F825B86F0A0008E167 /* PHAssetManager.swift in Sources */,
				85B839CB25B5F3EC0008E167 /* PHAsset.swift in Sources */,
				851DAC1D262B4B0B0087E1D4 /* Date.swift in Sources */,
				9D5F062B2874DD0500C8D4A6 /* ProtectEarthSite.swift in Sources */,
				9DB29B4E281DE04F00AAC73D /* SettingsNavigationController.swift in Sources */,
				85B839EC25B8661E0008E167 /* Collection.swift in Sources */,
				9D79A5A7283AE03100F0F96C /* SiteService.swift in Sources */,
				85B83A1525B87E780008E167 /* UploadViewModel.swift in Sources */,
				85792A7625B0A35A00BFDA96 /* UIImage.swift in Sources */,
				85792A7A25B0A36B00BFDA96 /* URL.swift in Sources */,
				85B839DD25B74FE00008E167 /* KeyboardAccessory.swift in Sources */,
				9D5D5E28284B630D00F3AD3E /* SpeciesService.swift in Sources */,
				85B83A1825B881EC0008E167 /* LocalTree.swift in Sources */,
				859F62E925C48FA2005E61F7 /* DelayedPublished.swift in Sources */,
				85B839F325B866590008E167 /* RoundedTappableButton.swift in Sources */,
				9D5F061E286F35C700C8D4A6 /* BearerTokenAuthenticationAdapter.swift in Sources */,
				85C781A125CC744E0034292D /* ScreenLockManager.swift in Sources */,
				85B839AD25B47BD30008E167 /* Reusable.swift in Sources */,
				85B839A925B35B540008E167 /* TableViewDataSource.swift in Sources */,
				9D79A5AA283AE27500F0F96C /* ProtectEarthError.swift in Sources */,
				85B83A3825B9D9C40008E167 /* Data.swift in Sources */,
				85B83A2D25B9C5DB0008E167 /* DateFormatter.swift in Sources */,
				859F62E425C22D6C005E61F7 /* SelectionsKeyboardView.swift in Sources */,
				85763A9425E29CE300CB4ED3 /* Logger.swift in Sources */,
				9D562D6528B81BDE00B66716 /* ProtectEarthUpload.swift in Sources */,
				859F62D625C22140005E61F7 /* Species.swift in Sources */,
				85B83A2325B9C1BC0008E167 /* NavigationViewController.swift in Sources */,
				9DFF45C428C69AAD00D45C73 /* CloudinaryUploadResponse.swift in Sources */,
				85DC214625E0FCBF003F0721 /* GRDBImageCache.swift in Sources */,
				859F62FC25C70F29005E61F7 /* CollectionViewController.swift in Sources */,
				85792A9225B1D5A500BFDA96 /* ButtonModel.swift in Sources */,
				85B839CE25B5F8F30008E167 /* UIAlertController.swift in Sources */,
				851DAC20262C55FD0087E1D4 /* RecentSpeciesManager.swift in Sources */,
				859F62F225C5A7B8005E61F7 /* Cancellable.swift in Sources */,
				9DFF6279282E64780008AEEF /* SpeciesController.swift in Sources */,
				85CC0304261CC8FE0016E618 /* LocationManager.swift in Sources */,
				9DB29B562821C28400AAC73D /* SettingsController.swift in Sources */,
				9D5F0621286F5FEF00C8D4A6 /* AlamofireSessionFactory.swift in Sources */,
				9DA8470B287DBBC300B0BB3E /* ProtectEarthSpeciesService.swift in Sources */,
				853ABD562596144900144B0D /* AppDelegate.swift in Sources */,
				9D5F06332878ADF000C8D4A6 /* DataResponse.swift in Sources */,
				857BADA825B1FA93005D7D35 /* TreeDetailsViewController.swift in Sources */,
				9D5D5E2C284B66BB00F3AD3E /* SupervisorService.swift in Sources */,
				85B83A1C25B8AC650008E167 /* EditLocalTreeViewModel.swift in Sources */,
				85B83A2A25B9C5CB0008E167 /* JSONDecoder.swift in Sources */,
				85B839E025B74FF50008E167 /* TextField.swift in Sources */,
				853ABD8925961F9700144B0D /* Constants.swift in Sources */,
				6CC985AB27F393630027C795 /* RetryingRequestInterceptor.swift in Sources */,
				859F62D925C2215D005E61F7 /* Site.swift in Sources */,
				85792A7D25B0A3E100BFDA96 /* Database.swift in Sources */,
				9D47D97F286F293000F7B92F /* ProtectEarthSupervisor.swift in Sources */,
				85E0E06225B35744009D8FC0 /* UIView.swift in Sources */,
				851DAC1A262B4A9A0087E1D4 /* RecentSpecies.swift in Sources */,
				857BADA425B1FA87005D7D35 /* AddLocalTreeViewModel.swift in Sources */,
				9DB29B5A282876B700AAC73D /* SitesController.swift in Sources */,
				859F62E025C228AE005E61F7 /* KeyedContainer.swift in Sources */,
				9DB29B582821D50000AAC73D /* SimpleTableViewCell.swift in Sources */,
				85B83A2625B9C1D50008E167 /* MainFlowViewController.swift in Sources */,
				9DD03B13299952E400537A31 /* PortraitUITabBarController.swift in Sources */,
				85B839D925B74FD20008E167 /* Keyboard.swift in Sources */,
				85DC213C25E0FC8F003F0721 /* ImageCacheInfo.swift in Sources */,
				858A0F2725D8156100E12C2B /* TreeDetailsFlowViewController.swift in Sources */,
				859F62DC25C2218B005E61F7 /* Supervisor.swift in Sources */,
				9D36C7EB2A22950B00E04552 /* AWSS3Configuration.swift in Sources */,
				85B839FB25B86F1A0008E167 /* ImageLoader.swift in Sources */,
				85B839EF25B866370008E167 /* GridCollectionViewLayout.swift in Sources */,
				9DA8470D28844E5100B0BB3E /* ProtectEarthTreeService.swift in Sources */,
				85B839E725B862B80008E167 /* CollectionViewDataSource.swift in Sources */,
				9D5F062D2874E35D00C8D4A6 /* ProtectEarthSiteService.swift in Sources */,
				8534160025CF09CE006DDAC4 /* PHPhotoLibrary.swift in Sources */,
				9D2B454F2944F54000B09C84 /* LocationWarningOverlayView.swift in Sources */,
				853415FD25CF0957006DDAC4 /* UIEdgeInsets.swift in Sources */,
				85B83A3025B9C5E90008E167 /* JSONEncoder.swift in Sources */,
				9DA1FC34283452CC00AEC584 /* AppDelegate+Injection.swift in Sources */,
				853415F025CEEE39006DDAC4 /* UploadSessionViewController.swift in Sources */,
				85792A8625B1D53700BFDA96 /* Environment.swift in Sources */,
				85DC214025E0FC9F003F0721 /* ImageCaching.swift in Sources */,
				9D562D6728B81D5400B66716 /* ProtectEarthIdentifier.swift in Sources */,
				8563C263260BBC7A00752793 /* Secrets.swift in Sources */,
				85792A8F25B1D59F00BFDA96 /* SyncProgress.swift in Sources */,
				85B83A0225B8735F0008E167 /* AnyImageLoader.swift in Sources */,
				85CC02E9261B6E820016E618 /* TableListItem.swift in Sources */,
				85CC02EC261B6EA90016E618 /* TextTableViewCell.swift in Sources */,
				9DA8470F28844E9000B0BB3E /* TreeService.swift in Sources */,
				9D3C323B29F5BDEA00462558 /* UploadCompletionHolder.swift in Sources */,
				9DFF6277282E63100008AEEF /* SupervisorsController.swift in Sources */,
				85763A9D25E2B0AB00CB4ED3 /* RotatingUIImagePickerController.swift in Sources */,
				9D5F061B286F348F00C8D4A6 /* ProtectEarthSessionFactory.swift in Sources */,
				857BADAC25B1FAAA005D7D35 /* UploadListFlowViewController.swift in Sources */,
				859F62EF25C48FD8005E61F7 /* AlertModel.swift in Sources */,
				857123D02639C3AF008EE027 /* ClosureCancellable.swift in Sources */,
				85B839BB25B4814F0008E167 /* ListSection.swift in Sources */,
			);
			runOnlyForDeploymentPostprocessing = 0;
		};
/* End PBXSourcesBuildPhase section */

/* Begin PBXTargetDependency section */
		851DAC2D262F2FA70087E1D4 /* PBXTargetDependency */ = {
			isa = PBXTargetDependency;
			target = 853ABD512596144900144B0D /* Tree Tracker */;
			targetProxy = 851DAC2C262F2FA70087E1D4 /* PBXContainerItemProxy */;
		};
		9D5CDBD527BBB7D2007D4F0A /* PBXTargetDependency */ = {
			isa = PBXTargetDependency;
			productRef = 9D5CDBD427BBB7D2007D4F0A /* Alamofire */;
		};
/* End PBXTargetDependency section */

/* Begin PBXVariantGroup section */
		853ABD602596144A00144B0D /* LaunchScreen.storyboard */ = {
			isa = PBXVariantGroup;
			children = (
				853ABD612596144A00144B0D /* Base */,
			);
			name = LaunchScreen.storyboard;
			sourceTree = "<group>";
		};
/* End PBXVariantGroup section */

/* Begin XCBuildConfiguration section */
		851DAC2F262F2FA70087E1D4 /* Debug */ = {
			isa = XCBuildConfiguration;
			buildSettings = {
				BUNDLE_LOADER = "$(TEST_HOST)";
				CLANG_ENABLE_MODULES = YES;
				CODE_SIGN_IDENTITY = "iPhone Developer";
				CODE_SIGN_STYLE = Automatic;
				DEVELOPMENT_TEAM = K5RUKV288P;
				INFOPLIST_FILE = "Unit Tests/Info.plist";
				IPHONEOS_DEPLOYMENT_TARGET = 15.0;
				LD_RUNPATH_SEARCH_PATHS = (
					"$(inherited)",
					"@executable_path/Frameworks",
					"@loader_path/Frameworks",
				);
				PRODUCT_BUNDLE_IDENTIFIER = "com.protect.earth.Tree-Tracker.Unit-Tests";
				PRODUCT_NAME = "$(TARGET_NAME)";
				PROVISIONING_PROFILE_SPECIFIER = "";
				SWIFT_OPTIMIZATION_LEVEL = "-Onone";
				SWIFT_VERSION = 5.0;
				TARGETED_DEVICE_FAMILY = "1,2";
				TEST_HOST = "$(BUILT_PRODUCTS_DIR)/Tree Tracker.app/Tree Tracker";
			};
			name = Debug;
		};
		851DAC30262F2FA70087E1D4 /* Release */ = {
			isa = XCBuildConfiguration;
			buildSettings = {
				BUNDLE_LOADER = "$(TEST_HOST)";
				CLANG_ENABLE_MODULES = YES;
				CODE_SIGN_IDENTITY = "iPhone Developer";
				CODE_SIGN_STYLE = Automatic;
				DEVELOPMENT_TEAM = K5RUKV288P;
				INFOPLIST_FILE = "Unit Tests/Info.plist";
				IPHONEOS_DEPLOYMENT_TARGET = 15.0;
				LD_RUNPATH_SEARCH_PATHS = (
					"$(inherited)",
					"@executable_path/Frameworks",
					"@loader_path/Frameworks",
				);
				PRODUCT_BUNDLE_IDENTIFIER = "com.protect.earth.Tree-Tracker.Unit-Tests";
				PRODUCT_NAME = "$(TARGET_NAME)";
				PROVISIONING_PROFILE_SPECIFIER = "";
				SWIFT_VERSION = 5.0;
				TARGETED_DEVICE_FAMILY = "1,2";
				TEST_HOST = "$(BUILT_PRODUCTS_DIR)/Tree Tracker.app/Tree Tracker";
			};
			name = Release;
		};
		853ABD642596144A00144B0D /* Debug */ = {
			isa = XCBuildConfiguration;
			buildSettings = {
				ALWAYS_SEARCH_USER_PATHS = NO;
				CLANG_ANALYZER_NONNULL = YES;
				CLANG_ANALYZER_NUMBER_OBJECT_CONVERSION = YES_AGGRESSIVE;
				CLANG_CXX_LANGUAGE_STANDARD = "gnu++14";
				CLANG_CXX_LIBRARY = "libc++";
				CLANG_ENABLE_MODULES = YES;
				CLANG_ENABLE_OBJC_ARC = YES;
				CLANG_ENABLE_OBJC_WEAK = YES;
				CLANG_WARN_BLOCK_CAPTURE_AUTORELEASING = YES;
				CLANG_WARN_BOOL_CONVERSION = YES;
				CLANG_WARN_COMMA = YES;
				CLANG_WARN_CONSTANT_CONVERSION = YES;
				CLANG_WARN_DEPRECATED_OBJC_IMPLEMENTATIONS = YES;
				CLANG_WARN_DIRECT_OBJC_ISA_USAGE = YES_ERROR;
				CLANG_WARN_DOCUMENTATION_COMMENTS = YES;
				CLANG_WARN_EMPTY_BODY = YES;
				CLANG_WARN_ENUM_CONVERSION = YES;
				CLANG_WARN_INFINITE_RECURSION = YES;
				CLANG_WARN_INT_CONVERSION = YES;
				CLANG_WARN_NON_LITERAL_NULL_CONVERSION = YES;
				CLANG_WARN_OBJC_IMPLICIT_RETAIN_SELF = YES;
				CLANG_WARN_OBJC_LITERAL_CONVERSION = YES;
				CLANG_WARN_OBJC_ROOT_CLASS = YES_ERROR;
				CLANG_WARN_QUOTED_INCLUDE_IN_FRAMEWORK_HEADER = YES;
				CLANG_WARN_RANGE_LOOP_ANALYSIS = YES;
				CLANG_WARN_STRICT_PROTOTYPES = YES;
				CLANG_WARN_SUSPICIOUS_MOVE = YES;
				CLANG_WARN_UNGUARDED_AVAILABILITY = YES_AGGRESSIVE;
				CLANG_WARN_UNREACHABLE_CODE = YES;
				CLANG_WARN__DUPLICATE_METHOD_MATCH = YES;
				COPY_PHASE_STRIP = NO;
				DEBUG_INFORMATION_FORMAT = dwarf;
				ENABLE_STRICT_OBJC_MSGSEND = YES;
				ENABLE_TESTABILITY = YES;
				GCC_C_LANGUAGE_STANDARD = gnu11;
				GCC_DYNAMIC_NO_PIC = NO;
				GCC_NO_COMMON_BLOCKS = YES;
				GCC_OPTIMIZATION_LEVEL = 0;
				GCC_PREPROCESSOR_DEFINITIONS = (
					"DEBUG=1",
					"$(inherited)",
				);
				GCC_WARN_64_TO_32_BIT_CONVERSION = YES;
				GCC_WARN_ABOUT_RETURN_TYPE = YES_ERROR;
				GCC_WARN_UNDECLARED_SELECTOR = YES;
				GCC_WARN_UNINITIALIZED_AUTOS = YES_AGGRESSIVE;
				GCC_WARN_UNUSED_FUNCTION = YES;
				GCC_WARN_UNUSED_VARIABLE = YES;
				IPHONEOS_DEPLOYMENT_TARGET = 15.0;
				MTL_ENABLE_DEBUG_INFO = INCLUDE_SOURCE;
				MTL_FAST_MATH = YES;
				ONLY_ACTIVE_ARCH = YES;
				SDKROOT = iphoneos;
				SWIFT_ACTIVE_COMPILATION_CONDITIONS = DEBUG;
				SWIFT_OPTIMIZATION_LEVEL = "-Onone";
			};
			name = Debug;
		};
		853ABD652596144A00144B0D /* Release */ = {
			isa = XCBuildConfiguration;
			buildSettings = {
				ALWAYS_SEARCH_USER_PATHS = NO;
				CLANG_ANALYZER_NONNULL = YES;
				CLANG_ANALYZER_NUMBER_OBJECT_CONVERSION = YES_AGGRESSIVE;
				CLANG_CXX_LANGUAGE_STANDARD = "gnu++14";
				CLANG_CXX_LIBRARY = "libc++";
				CLANG_ENABLE_MODULES = YES;
				CLANG_ENABLE_OBJC_ARC = YES;
				CLANG_ENABLE_OBJC_WEAK = YES;
				CLANG_WARN_BLOCK_CAPTURE_AUTORELEASING = YES;
				CLANG_WARN_BOOL_CONVERSION = YES;
				CLANG_WARN_COMMA = YES;
				CLANG_WARN_CONSTANT_CONVERSION = YES;
				CLANG_WARN_DEPRECATED_OBJC_IMPLEMENTATIONS = YES;
				CLANG_WARN_DIRECT_OBJC_ISA_USAGE = YES_ERROR;
				CLANG_WARN_DOCUMENTATION_COMMENTS = YES;
				CLANG_WARN_EMPTY_BODY = YES;
				CLANG_WARN_ENUM_CONVERSION = YES;
				CLANG_WARN_INFINITE_RECURSION = YES;
				CLANG_WARN_INT_CONVERSION = YES;
				CLANG_WARN_NON_LITERAL_NULL_CONVERSION = YES;
				CLANG_WARN_OBJC_IMPLICIT_RETAIN_SELF = YES;
				CLANG_WARN_OBJC_LITERAL_CONVERSION = YES;
				CLANG_WARN_OBJC_ROOT_CLASS = YES_ERROR;
				CLANG_WARN_QUOTED_INCLUDE_IN_FRAMEWORK_HEADER = YES;
				CLANG_WARN_RANGE_LOOP_ANALYSIS = YES;
				CLANG_WARN_STRICT_PROTOTYPES = YES;
				CLANG_WARN_SUSPICIOUS_MOVE = YES;
				CLANG_WARN_UNGUARDED_AVAILABILITY = YES_AGGRESSIVE;
				CLANG_WARN_UNREACHABLE_CODE = YES;
				CLANG_WARN__DUPLICATE_METHOD_MATCH = YES;
				COPY_PHASE_STRIP = NO;
				DEBUG_INFORMATION_FORMAT = "dwarf-with-dsym";
				ENABLE_NS_ASSERTIONS = NO;
				ENABLE_STRICT_OBJC_MSGSEND = YES;
				GCC_C_LANGUAGE_STANDARD = gnu11;
				GCC_NO_COMMON_BLOCKS = YES;
				GCC_WARN_64_TO_32_BIT_CONVERSION = YES;
				GCC_WARN_ABOUT_RETURN_TYPE = YES_ERROR;
				GCC_WARN_UNDECLARED_SELECTOR = YES;
				GCC_WARN_UNINITIALIZED_AUTOS = YES_AGGRESSIVE;
				GCC_WARN_UNUSED_FUNCTION = YES;
				GCC_WARN_UNUSED_VARIABLE = YES;
				IPHONEOS_DEPLOYMENT_TARGET = 15.0;
				MTL_ENABLE_DEBUG_INFO = NO;
				MTL_FAST_MATH = YES;
				SDKROOT = iphoneos;
				SWIFT_COMPILATION_MODE = wholemodule;
				SWIFT_OPTIMIZATION_LEVEL = "-O";
				VALIDATE_PRODUCT = YES;
			};
			name = Release;
		};
		853ABD672596144A00144B0D /* Debug */ = {
			isa = XCBuildConfiguration;
			buildSettings = {
				ASSETCATALOG_COMPILER_APPICON_NAME = AppIcon;
				ASSETCATALOG_COMPILER_GLOBAL_ACCENT_COLOR_NAME = AccentColor;
				CODE_SIGN_IDENTITY = "Apple Development";
				"CODE_SIGN_IDENTITY[sdk=iphoneos*]" = "iPhone Distribution";
				CODE_SIGN_STYLE = Manual;
				CURRENT_PROJECT_VERSION = 1;
				DEVELOPMENT_TEAM = K5RUKV288P;
				"DEVELOPMENT_TEAM[sdk=iphoneos*]" = K5RUKV288P;
				INFOPLIST_FILE = "Tree Tracker/Info.plist";
				IPHONEOS_DEPLOYMENT_TARGET = 15.0;
				LD_RUNPATH_SEARCH_PATHS = (
					"$(inherited)",
					"@executable_path/Frameworks",
				);
				MARKETING_VERSION = 0.7.2;
				PRODUCT_BUNDLE_IDENTIFIER = "com.protect.earth.Tree-Tracker";
				PRODUCT_NAME = "$(TARGET_NAME)";
				PROVISIONING_PROFILE_SPECIFIER = "";
				"PROVISIONING_PROFILE_SPECIFIER[sdk=iphoneos*]" = "App Store Distribution Profile 06-July-2025";
				SWIFT_VERSION = 5.0;
				TARGETED_DEVICE_FAMILY = "1,2";
				VERSIONING_SYSTEM = "apple-generic";
			};
			name = Debug;
		};
		853ABD682596144A00144B0D /* Release */ = {
			isa = XCBuildConfiguration;
			buildSettings = {
				ASSETCATALOG_COMPILER_APPICON_NAME = AppIcon;
				ASSETCATALOG_COMPILER_GLOBAL_ACCENT_COLOR_NAME = AccentColor;
				CODE_SIGN_IDENTITY = "Apple Development";
				"CODE_SIGN_IDENTITY[sdk=iphoneos*]" = "iPhone Distribution";
				CODE_SIGN_STYLE = Manual;
				CURRENT_PROJECT_VERSION = 1;
				DEVELOPMENT_TEAM = "";
				"DEVELOPMENT_TEAM[sdk=iphoneos*]" = K5RUKV288P;
				INFOPLIST_FILE = "Tree Tracker/Info.plist";
				IPHONEOS_DEPLOYMENT_TARGET = 15.0;
				LD_RUNPATH_SEARCH_PATHS = (
					"$(inherited)",
					"@executable_path/Frameworks",
				);
				MARKETING_VERSION = 0.7.2;
				PRODUCT_BUNDLE_IDENTIFIER = "com.protect.earth.Tree-Tracker";
				PRODUCT_NAME = "$(TARGET_NAME)";
				PROVISIONING_PROFILE_SPECIFIER = "";
				"PROVISIONING_PROFILE_SPECIFIER[sdk=iphoneos*]" = "App Store Distribution Profile 06-July-2025";
				SWIFT_VERSION = 5.0;
				TARGETED_DEVICE_FAMILY = "1,2";
				VERSIONING_SYSTEM = "apple-generic";
			};
			name = Release;
		};
/* End XCBuildConfiguration section */

/* Begin XCConfigurationList section */
		851DAC2E262F2FA70087E1D4 /* Build configuration list for PBXNativeTarget "Unit Tests" */ = {
			isa = XCConfigurationList;
			buildConfigurations = (
				851DAC2F262F2FA70087E1D4 /* Debug */,
				851DAC30262F2FA70087E1D4 /* Release */,
			);
			defaultConfigurationIsVisible = 0;
			defaultConfigurationName = Release;
		};
		853ABD4D2596144900144B0D /* Build configuration list for PBXProject "Tree Tracker" */ = {
			isa = XCConfigurationList;
			buildConfigurations = (
				853ABD642596144A00144B0D /* Debug */,
				853ABD652596144A00144B0D /* Release */,
			);
			defaultConfigurationIsVisible = 0;
			defaultConfigurationName = Release;
		};
		853ABD662596144A00144B0D /* Build configuration list for PBXNativeTarget "Tree Tracker" */ = {
			isa = XCConfigurationList;
			buildConfigurations = (
				853ABD672596144A00144B0D /* Debug */,
				853ABD682596144A00144B0D /* Release */,
			);
			defaultConfigurationIsVisible = 0;
			defaultConfigurationName = Release;
		};
/* End XCConfigurationList section */

/* Begin XCRemoteSwiftPackageReference section */
		85A0EF7D25A226D9003CE744 /* XCRemoteSwiftPackageReference "GRDB" */ = {
			isa = XCRemoteSwiftPackageReference;
			repositoryURL = "https://github.com/groue/GRDB.swift";
			requirement = {
				kind = upToNextMajorVersion;
				minimumVersion = 5.2.0;
			};
		};
		85A0EF8125A2271C003CE744 /* XCRemoteSwiftPackageReference "Alamofire" */ = {
			isa = XCRemoteSwiftPackageReference;
			repositoryURL = "https://github.com/Alamofire/Alamofire";
			requirement = {
				kind = upToNextMajorVersion;
				minimumVersion = 5.4.1;
			};
		};
		85B83A0B25B87C0D0008E167 /* XCRemoteSwiftPackageReference "BSImagePicker" */ = {
			isa = XCRemoteSwiftPackageReference;
			repositoryURL = "https://github.com/mikaoj/BSImagePicker";
			requirement = {
				kind = upToNextMajorVersion;
				minimumVersion = 3.3.1;
			};
		};
		9D01D560285CD2E50009F753 /* XCRemoteSwiftPackageReference "rollbar-apple" */ = {
			isa = XCRemoteSwiftPackageReference;
			repositoryURL = "https://github.com/rollbar/rollbar-apple.git";
			requirement = {
				kind = upToNextMajorVersion;
				minimumVersion = 2.0.0;
			};
		};
		9D375F8F2AC8873C009AF2D2 /* XCRemoteSwiftPackageReference "aws-sdk-ios-spm" */ = {
			isa = XCRemoteSwiftPackageReference;
			repositoryURL = "https://github.com/aws-amplify/aws-sdk-ios-spm";
			requirement = {
				kind = upToNextMinorVersion;
				minimumVersion = 2.33.0;
			};
		};
		9DCC548A28073F0A00CF67AA /* XCRemoteSwiftPackageReference "Resolver" */ = {
			isa = XCRemoteSwiftPackageReference;
			repositoryURL = "https://github.com/hmlongco/Resolver.git";
			requirement = {
				kind = upToNextMinorVersion;
				minimumVersion = 1.5.0;
			};
		};
/* End XCRemoteSwiftPackageReference section */

/* Begin XCSwiftPackageProductDependency section */
		85A0EF7E25A226D9003CE744 /* GRDB */ = {
			isa = XCSwiftPackageProductDependency;
			package = 85A0EF7D25A226D9003CE744 /* XCRemoteSwiftPackageReference "GRDB" */;
			productName = GRDB;
		};
		85A0EF8225A2271C003CE744 /* Alamofire */ = {
			isa = XCSwiftPackageProductDependency;
			package = 85A0EF8125A2271C003CE744 /* XCRemoteSwiftPackageReference "Alamofire" */;
			productName = Alamofire;
		};
		85B83A0C25B87C0D0008E167 /* BSImagePicker */ = {
			isa = XCSwiftPackageProductDependency;
			package = 85B83A0B25B87C0D0008E167 /* XCRemoteSwiftPackageReference "BSImagePicker" */;
			productName = BSImagePicker;
		};
		9D01D561285CD2E50009F753 /* RollbarCommon */ = {
			isa = XCSwiftPackageProductDependency;
			package = 9D01D560285CD2E50009F753 /* XCRemoteSwiftPackageReference "rollbar-apple" */;
			productName = RollbarCommon;
		};
		9D01D563285CD2E50009F753 /* RollbarNotifier */ = {
			isa = XCSwiftPackageProductDependency;
			package = 9D01D560285CD2E50009F753 /* XCRemoteSwiftPackageReference "rollbar-apple" */;
			productName = RollbarNotifier;
		};
		9D01D565285CD2E50009F753 /* RollbarSwift */ = {
			isa = XCSwiftPackageProductDependency;
			package = 9D01D560285CD2E50009F753 /* XCRemoteSwiftPackageReference "rollbar-apple" */;
			productName = RollbarSwift;
		};
		9D375F902AC8873C009AF2D2 /* AWSCore */ = {
			isa = XCSwiftPackageProductDependency;
			package = 9D375F8F2AC8873C009AF2D2 /* XCRemoteSwiftPackageReference "aws-sdk-ios-spm" */;
			productName = AWSCore;
		};
		9D375F922AC8873C009AF2D2 /* AWSS3 */ = {
			isa = XCSwiftPackageProductDependency;
			package = 9D375F8F2AC8873C009AF2D2 /* XCRemoteSwiftPackageReference "aws-sdk-ios-spm" */;
			productName = AWSS3;
		};
		9D5CDBD427BBB7D2007D4F0A /* Alamofire */ = {
			isa = XCSwiftPackageProductDependency;
			package = 85A0EF8125A2271C003CE744 /* XCRemoteSwiftPackageReference "Alamofire" */;
			productName = Alamofire;
		};
		9DCC548B28073F0A00CF67AA /* Resolver */ = {
			isa = XCSwiftPackageProductDependency;
			package = 9DCC548A28073F0A00CF67AA /* XCRemoteSwiftPackageReference "Resolver" */;
			productName = Resolver;
		};
/* End XCSwiftPackageProductDependency section */
	};
	rootObject = 853ABD4A2596144900144B0D /* Project object */;
}
